PODS:
  - SDAutoLayout (2.2.0)
  - UITableView+FDTemplateLayoutCell (1.6)

DEPENDENCIES:
  - SDAutoLayout
  - UITableView+FDTemplateLayoutCell

SPEC CHECKSUMS:
  SDAutoLayout: c5509e77ae75735d9a39f7bc83dba6d3f75d49d8
  UITableView+FDTemplateLayoutCell: 5c949b4a5059c404b442926c0e80f81d10a2d66f

PODFILE CHECKSUM: 8eebb0c89ab73f29e08c0ea566ea605c7fa1ec29

COCOAPODS: 1.4.0.rc.1
