// !$*UTF8*$!
{
	archiveVersion = 1;
	classes = {
	};
	objectVersion = 48;
	objects = {

/* Begin PBXBuildFile section */
		3A08A6671F9AFF06004660BE /* AppDelegate.swift in Sources */ = {isa = PBXBuildFile; fileRef = 3A08A6661F9AFF06004660BE /* AppDelegate.swift */; };
		3A08A6691F9AFF06004660BE /* ViewController.swift in Sources */ = {isa = PBXBuildFile; fileRef = 3A08A6681F9AFF06004660BE /* ViewController.swift */; };
		3A08A66B1F9AFF06004660BE /* Assets.xcassets in Resources */ = {isa = PBXBuildFile; fileRef = 3A08A66A1F9AFF06004660BE /* Assets.xcassets */; };
		3A08A66E1F9AFF07004660BE /* Main.storyboard in Resources */ = {isa = PBXBuildFile; fileRef = 3A08A66C1F9AFF07004660BE /* Main.storyboard */; };
		3A08A67A1F9AFF09004660BE /* FileManager_macOS_DemoTests.swift in Sources */ = {isa = PBXBuildFile; fileRef = 3A08A6791F9AFF09004660BE /* FileManager_macOS_DemoTests.swift */; };
/* End PBXBuildFile section */

/* Begin PBXContainerItemProxy section */
		3A08A6761F9AFF08004660BE /* PBXContainerItemProxy */ = {
			isa = PBXContainerItemProxy;
			containerPortal = 3A08A65B1F9AFF06004660BE /* Project object */;
			proxyType = 1;
			remoteGlobalIDString = 3A08A6621F9AFF06004660BE;
			remoteInfo = FileManager_macOS_Demo;
		};
/* End PBXContainerItemProxy section */

/* Begin PBXFileReference section */
		3A08A6631F9AFF06004660BE /* FileManager_macOS_Demo.app */ = {isa = PBXFileReference; explicitFileType = wrapper.application; includeInIndex = 0; path = FileManager_macOS_Demo.app; sourceTree = BUILT_PRODUCTS_DIR; };
		3A08A6661F9AFF06004660BE /* AppDelegate.swift */ = {isa = PBXFileReference; lastKnownFileType = sourcecode.swift; path = AppDelegate.swift; sourceTree = "<group>"; };
		3A08A6681F9AFF06004660BE /* ViewController.swift */ = {isa = PBXFileReference; lastKnownFileType = sourcecode.swift; path = ViewController.swift; sourceTree = "<group>"; };
		3A08A66A1F9AFF06004660BE /* Assets.xcassets */ = {isa = PBXFileReference; lastKnownFileType = folder.assetcatalog; path = Assets.xcassets; sourceTree = "<group>"; };
		3A08A66D1F9AFF07004660BE /* Base */ = {isa = PBXFileReference; lastKnownFileType = file.storyboard; name = Base; path = Base.lproj/Main.storyboard; sourceTree = "<group>"; };
		3A08A66F1F9AFF07004660BE /* Info.plist */ = {isa = PBXFileReference; lastKnownFileType = text.plist.xml; path = Info.plist; sourceTree = "<group>"; };
		3A08A6701F9AFF08004660BE /* FileManager_macOS_Demo.entitlements */ = {isa = PBXFileReference; lastKnownFileType = text.plist.entitlements; path = FileManager_macOS_Demo.entitlements; sourceTree = "<group>"; };
		3A08A6751F9AFF08004660BE /* FileManager_macOS_DemoTests.xctest */ = {isa = PBXFileReference; explicitFileType = wrapper.cfbundle; includeInIndex = 0; path = FileManager_macOS_DemoTests.xctest; sourceTree = BUILT_PRODUCTS_DIR; };
		3A08A6791F9AFF09004660BE /* FileManager_macOS_DemoTests.swift */ = {isa = PBXFileReference; lastKnownFileType = sourcecode.swift; path = FileManager_macOS_DemoTests.swift; sourceTree = "<group>"; };
		3A08A67B1F9AFF09004660BE /* Info.plist */ = {isa = PBXFileReference; lastKnownFileType = text.plist.xml; path = Info.plist; sourceTree = "<group>"; };
/* End PBXFileReference section */

/* Begin PBXFrameworksBuildPhase section */
		3A08A6601F9AFF06004660BE /* Frameworks */ = {
			isa = PBXFrameworksBuildPhase;
			buildActionMask = 2147483647;
			files = (
			);
			runOnlyForDeploymentPostprocessing = 0;
		};
		3A08A6721F9AFF08004660BE /* Frameworks */ = {
			isa = PBXFrameworksBuildPhase;
			buildActionMask = 2147483647;
			files = (
			);
			runOnlyForDeploymentPostprocessing = 0;
		};
/* End PBXFrameworksBuildPhase section */

/* Begin PBXGroup section */
		3A08A65A1F9AFF05004660BE = {
			isa = PBXGroup;
			children = (
				3A08A6651F9AFF06004660BE /* FileManager_macOS_Demo */,
				3A08A6781F9AFF08004660BE /* FileManager_macOS_DemoTests */,
				3A08A6641F9AFF06004660BE /* Products */,
			);
			sourceTree = "<group>";
		};
		3A08A6641F9AFF06004660BE /* Products */ = {
			isa = PBXGroup;
			children = (
				3A08A6631F9AFF06004660BE /* FileManager_macOS_Demo.app */,
				3A08A6751F9AFF08004660BE /* FileManager_macOS_DemoTests.xctest */,
			);
			name = Products;
			sourceTree = "<group>";
		};
		3A08A6651F9AFF06004660BE /* FileManager_macOS_Demo */ = {
			isa = PBXGroup;
			children = (
				3A08A6661F9AFF06004660BE /* AppDelegate.swift */,
				3A08A6681F9AFF06004660BE /* ViewController.swift */,
				3A08A66A1F9AFF06004660BE /* Assets.xcassets */,
				3A08A66C1F9AFF07004660BE /* Main.storyboard */,
				3A08A66F1F9AFF07004660BE /* Info.plist */,
				3A08A6701F9AFF08004660BE /* FileManager_macOS_Demo.entitlements */,
			);
			path = FileManager_macOS_Demo;
			sourceTree = "<group>";
		};
		3A08A6781F9AFF08004660BE /* FileManager_macOS_DemoTests */ = {
			isa = PBXGroup;
			children = (
				3A08A6791F9AFF09004660BE /* FileManager_macOS_DemoTests.swift */,
				3A08A67B1F9AFF09004660BE /* Info.plist */,
			);
			path = FileManager_macOS_DemoTests;
			sourceTree = "<group>";
		};
/* End PBXGroup section */

/* Begin PBXNativeTarget section */
		3A08A6621F9AFF06004660BE /* FileManager_macOS_Demo */ = {
			isa = PBXNativeTarget;
			buildConfigurationList = 3A08A67E1F9AFF09004660BE /* Build configuration list for PBXNativeTarget "FileManager_macOS_Demo" */;
			buildPhases = (
				3A08A65F1F9AFF06004660BE /* Sources */,
				3A08A6601F9AFF06004660BE /* Frameworks */,
				3A08A6611F9AFF06004660BE /* Resources */,
			);
			buildRules = (
			);
			dependencies = (
			);
			name = FileManager_macOS_Demo;
			productName = FileManager_macOS_Demo;
			productReference = 3A08A6631F9AFF06004660BE /* FileManager_macOS_Demo.app */;
			productType = "com.apple.product-type.application";
		};
		3A08A6741F9AFF08004660BE /* FileManager_macOS_DemoTests */ = {
			isa = PBXNativeTarget;
			buildConfigurationList = 3A08A6811F9AFF09004660BE /* Build configuration list for PBXNativeTarget "FileManager_macOS_DemoTests" */;
			buildPhases = (
				3A08A6711F9AFF08004660BE /* Sources */,
				3A08A6721F9AFF08004660BE /* Frameworks */,
				3A08A6731F9AFF08004660BE /* Resources */,
			);
			buildRules = (
			);
			dependencies = (
				3A08A6771F9AFF08004660BE /* PBXTargetDependency */,
			);
			name = FileManager_macOS_DemoTests;
			productName = FileManager_macOS_DemoTests;
			productReference = 3A08A6751F9AFF08004660BE /* FileManager_macOS_DemoTests.xctest */;
			productType = "com.apple.product-type.bundle.unit-test";
		};
/* End PBXNativeTarget section */

/* Begin PBXProject section */
		3A08A65B1F9AFF06004660BE /* Project object */ = {
			isa = PBXProject;
			attributes = {
				LastSwiftUpdateCheck = 0900;
				LastUpgradeCheck = 0900;
				ORGANIZATIONNAME = zzkj;
				TargetAttributes = {
					3A08A6621F9AFF06004660BE = {
						CreatedOnToolsVersion = 9.0.1;
						ProvisioningStyle = Automatic;
					};
					3A08A6741F9AFF08004660BE = {
						CreatedOnToolsVersion = 9.0.1;
						ProvisioningStyle = Automatic;
						TestTargetID = 3A08A6621F9AFF06004660BE;
					};
				};
			};
			buildConfigurationList = 3A08A65E1F9AFF06004660BE /* Build configuration list for PBXProject "FileManager_macOS_Demo" */;
			compatibilityVersion = "Xcode 8.0";
			developmentRegion = en;
			hasScannedForEncodings = 0;
			knownRegions = (
				en,
				Base,
			);
			mainGroup = 3A08A65A1F9AFF05004660BE;
			productRefGroup = 3A08A6641F9AFF06004660BE /* Products */;
			projectDirPath = "";
			projectRoot = "";
			targets = (
				3A08A6621F9AFF06004660BE /* FileManager_macOS_Demo */,
				3A08A6741F9AFF08004660BE /* FileManager_macOS_DemoTests */,
			);
		};
/* End PBXProject section */

/* Begin PBXResourcesBuildPhase section */
		3A08A6611F9AFF06004660BE /* Resources */ = {
			isa = PBXResourcesBuildPhase;
			buildActionMask = 2147483647;
			files = (
				3A08A66B1F9AFF06004660BE /* Assets.xcassets in Resources */,
				3A08A66E1F9AFF07004660BE /* Main.storyboard in Resources */,
			);
			runOnlyForDeploymentPostprocessing = 0;
		};
		3A08A6731F9AFF08004660BE /* Resources */ = {
			isa = PBXResourcesBuildPhase;
			buildActionMask = 2147483647;
			files = (
			);
			runOnlyForDeploymentPostprocessing = 0;
		};
/* End PBXResourcesBuildPhase section */

/* Begin PBXSourcesBuildPhase section */
		3A08A65F1F9AFF06004660BE /* Sources */ = {
			isa = PBXSourcesBuildPhase;
			buildActionMask = 2147483647;
			files = (
				3A08A6691F9AFF06004660BE /* ViewController.swift in Sources */,
				3A08A6671F9AFF06004660BE /* AppDelegate.swift in Sources */,
			);
			runOnlyForDeploymentPostprocessing = 0;
		};
		3A08A6711F9AFF08004660BE /* Sources */ = {
			isa = PBXSourcesBuildPhase;
			buildActionMask = 2147483647;
			files = (
				3A08A67A1F9AFF09004660BE /* FileManager_macOS_DemoTests.swift in Sources */,
			);
			runOnlyForDeploymentPostprocessing = 0;
		};
/* End PBXSourcesBuildPhase section */

/* Begin PBXTargetDependency section */
		3A08A6771F9AFF08004660BE /* PBXTargetDependency */ = {
			isa = PBXTargetDependency;
			target = 3A08A6621F9AFF06004660BE /* FileManager_macOS_Demo */;
			targetProxy = 3A08A6761F9AFF08004660BE /* PBXContainerItemProxy */;
		};
/* End PBXTargetDependency section */

/* Begin PBXVariantGroup section */
		3A08A66C1F9AFF07004660BE /* Main.storyboard */ = {
			isa = PBXVariantGroup;
			children = (
				3A08A66D1F9AFF07004660BE /* Base */,
			);
			name = Main.storyboard;
			sourceTree = "<group>";
		};
/* End PBXVariantGroup section */

/* Begin XCBuildConfiguration section */
		3A08A67C1F9AFF09004660BE /* Debug */ = {
			isa = XCBuildConfiguration;
			buildSettings = {
				ALWAYS_SEARCH_USER_PATHS = NO;
				CLANG_ANALYZER_NONNULL = YES;
				CLANG_ANALYZER_NUMBER_OBJECT_CONVERSION = YES_AGGRESSIVE;
				CLANG_CXX_LANGUAGE_STANDARD = "gnu++14";
				CLANG_CXX_LIBRARY = "libc++";
				CLANG_ENABLE_MODULES = YES;
				CLANG_ENABLE_OBJC_ARC = YES;
				CLANG_WARN_BLOCK_CAPTURE_AUTORELEASING = YES;
				CLANG_WARN_BOOL_CONVERSION = YES;
				CLANG_WARN_COMMA = YES;
				CLANG_WARN_CONSTANT_CONVERSION = YES;
				CLANG_WARN_DIRECT_OBJC_ISA_USAGE = YES_ERROR;
				CLANG_WARN_DOCUMENTATION_COMMENTS = YES;
				CLANG_WARN_EMPTY_BODY = YES;
				CLANG_WARN_ENUM_CONVERSION = YES;
				CLANG_WARN_INFINITE_RECURSION = YES;
				CLANG_WARN_INT_CONVERSION = YES;
				CLANG_WARN_NON_LITERAL_NULL_CONVERSION = YES;
				CLANG_WARN_OBJC_LITERAL_CONVERSION = YES;
				CLANG_WARN_OBJC_ROOT_CLASS = YES_ERROR;
				CLANG_WARN_RANGE_LOOP_ANALYSIS = YES;
				CLANG_WARN_STRICT_PROTOTYPES = YES;
				CLANG_WARN_SUSPICIOUS_MOVE = YES;
				CLANG_WARN_UNGUARDED_AVAILABILITY = YES_AGGRESSIVE;
				CLANG_WARN_UNREACHABLE_CODE = YES;
				CLANG_WARN__DUPLICATE_METHOD_MATCH = YES;
				CODE_SIGN_IDENTITY = "Mac Developer";
				COPY_PHASE_STRIP = NO;
				DEBUG_INFORMATION_FORMAT = dwarf;
				ENABLE_STRICT_OBJC_MSGSEND = YES;
				ENABLE_TESTABILITY = YES;
				GCC_C_LANGUAGE_STANDARD = gnu11;
				GCC_DYNAMIC_NO_PIC = NO;
				GCC_NO_COMMON_BLOCKS = YES;
				GCC_OPTIMIZATION_LEVEL = 0;
				GCC_PREPROCESSOR_DEFINITIONS = (
					"DEBUG=1",
					"$(inherited)",
				);
				GCC_WARN_64_TO_32_BIT_CONVERSION = YES;
				GCC_WARN_ABOUT_RETURN_TYPE = YES_ERROR;
				GCC_WARN_UNDECLARED_SELECTOR = YES;
				GCC_WARN_UNINITIALIZED_AUTOS = YES_AGGRESSIVE;
				GCC_WARN_UNUSED_FUNCTION = YES;
				GCC_WARN_UNUSED_VARIABLE = YES;
				MACOSX_DEPLOYMENT_TARGET = 10.12;
				MTL_ENABLE_DEBUG_INFO = YES;
				ONLY_ACTIVE_ARCH = YES;
				SDKROOT = macosx;
				SWIFT_ACTIVE_COMPILATION_CONDITIONS = DEBUG;
				SWIFT_OPTIMIZATION_LEVEL = "-Onone";
			};
			name = Debug;
		};
		3A08A67D1F9AFF09004660BE /* Release */ = {
			isa = XCBuildConfiguration;
			buildSettings = {
				ALWAYS_SEARCH_USER_PATHS = NO;
				CLANG_ANALYZER_NONNULL = YES;
				CLANG_ANALYZER_NUMBER_OBJECT_CONVERSION = YES_AGGRESSIVE;
				CLANG_CXX_LANGUAGE_STANDARD = "gnu++14";
				CLANG_CXX_LIBRARY = "libc++";
				CLANG_ENABLE_MODULES = YES;
				CLANG_ENABLE_OBJC_ARC = YES;
				CLANG_WARN_BLOCK_CAPTURE_AUTORELEASING = YES;
				CLANG_WARN_BOOL_CONVERSION = YES;
				CLANG_WARN_COMMA = YES;
				CLANG_WARN_CONSTANT_CONVERSION = YES;
				CLANG_WARN_DIRECT_OBJC_ISA_USAGE = YES_ERROR;
				CLANG_WARN_DOCUMENTATION_COMMENTS = YES;
				CLANG_WARN_EMPTY_BODY = YES;
				CLANG_WARN_ENUM_CONVERSION = YES;
				CLANG_WARN_INFINITE_RECURSION = YES;
				CLANG_WARN_INT_CONVERSION = YES;
				CLANG_WARN_NON_LITERAL_NULL_CONVERSION = YES;
				CLANG_WARN_OBJC_LITERAL_CONVERSION = YES;
				CLANG_WARN_OBJC_ROOT_CLASS = YES_ERROR;
				CLANG_WARN_RANGE_LOOP_ANALYSIS = YES;
				CLANG_WARN_STRICT_PROTOTYPES = YES;
				CLANG_WARN_SUSPICIOUS_MOVE = YES;
				CLANG_WARN_UNGUARDED_AVAILABILITY = YES_AGGRESSIVE;
				CLANG_WARN_UNREACHABLE_CODE = YES;
				CLANG_WARN__DUPLICATE_METHOD_MATCH = YES;
				CODE_SIGN_IDENTITY = "Mac Developer";
				COPY_PHASE_STRIP = NO;
				DEBUG_INFORMATION_FORMAT = "dwarf-with-dsym";
				ENABLE_NS_ASSERTIONS = NO;
				ENABLE_STRICT_OBJC_MSGSEND = YES;
				GCC_C_LANGUAGE_STANDARD = gnu11;
				GCC_NO_COMMON_BLOCKS = YES;
				GCC_WARN_64_TO_32_BIT_CONVERSION = YES;
				GCC_WARN_ABOUT_RETURN_TYPE = YES_ERROR;
				GCC_WARN_UNDECLARED_SELECTOR = YES;
				GCC_WARN_UNINITIALIZED_AUTOS = YES_AGGRESSIVE;
				GCC_WARN_UNUSED_FUNCTION = YES;
				GCC_WARN_UNUSED_VARIABLE = YES;
				MACOSX_DEPLOYMENT_TARGET = 10.12;
				MTL_ENABLE_DEBUG_INFO = NO;
				SDKROOT = macosx;
				SWIFT_OPTIMIZATION_LEVEL = "-Owholemodule";
			};
			name = Release;
		};
		3A08A67F1F9AFF09004660BE /* Debug */ = {
			isa = XCBuildConfiguration;
			buildSettings = {
				ASSETCATALOG_COMPILER_APPICON_NAME = AppIcon;
				CODE_SIGN_ENTITLEMENTS = FileManager_macOS_Demo/FileManager_macOS_Demo.entitlements;
				CODE_SIGN_STYLE = Automatic;
				COMBINE_HIDPI_IMAGES = YES;
				DEVELOPMENT_TEAM = YD6H32NYXJ;
				INFOPLIST_FILE = FileManager_macOS_Demo/Info.plist;
				LD_RUNPATH_SEARCH_PATHS = "$(inherited) @executable_path/../Frameworks";
				PRODUCT_BUNDLE_IDENTIFIER = "lesta.FileManager-macOS-Demo";
				PRODUCT_NAME = "$(TARGET_NAME)";
				SWIFT_VERSION = 4.0;
			};
			name = Debug;
		};
		3A08A6801F9AFF09004660BE /* Release */ = {
			isa = XCBuildConfiguration;
			buildSettings = {
				ASSETCATALOG_COMPILER_APPICON_NAME = AppIcon;
				CODE_SIGN_ENTITLEMENTS = FileManager_macOS_Demo/FileManager_macOS_Demo.entitlements;
				CODE_SIGN_STYLE = Automatic;
				COMBINE_HIDPI_IMAGES = YES;
				DEVELOPMENT_TEAM = YD6H32NYXJ;
				INFOPLIST_FILE = FileManager_macOS_Demo/Info.plist;
				LD_RUNPATH_SEARCH_PATHS = "$(inherited) @executable_path/../Frameworks";
				PRODUCT_BUNDLE_IDENTIFIER = "lesta.FileManager-macOS-Demo";
				PRODUCT_NAME = "$(TARGET_NAME)";
				SWIFT_VERSION = 4.0;
			};
			name = Release;
		};
		3A08A6821F9AFF09004660BE /* Debug */ = {
			isa = XCBuildConfiguration;
			buildSettings = {
				ALWAYS_EMBED_SWIFT_STANDARD_LIBRARIES = YES;
				BUNDLE_LOADER = "$(TEST_HOST)";
				CODE_SIGN_STYLE = Automatic;
				COMBINE_HIDPI_IMAGES = YES;
				DEVELOPMENT_TEAM = YD6H32NYXJ;
				INFOPLIST_FILE = FileManager_macOS_DemoTests/Info.plist;
				LD_RUNPATH_SEARCH_PATHS = "$(inherited) @executable_path/../Frameworks @loader_path/../Frameworks";
				PRODUCT_BUNDLE_IDENTIFIER = "lesta.FileManager-macOS-DemoTests";
				PRODUCT_NAME = "$(TARGET_NAME)";
				SWIFT_VERSION = 4.0;
				TEST_HOST = "$(BUILT_PRODUCTS_DIR)/FileManager_macOS_Demo.app/Contents/MacOS/FileManager_macOS_Demo";
			};
			name = Debug;
		};
		3A08A6831F9AFF09004660BE /* Release */ = {
			isa = XCBuildConfiguration;
			buildSettings = {
				ALWAYS_EMBED_SWIFT_STANDARD_LIBRARIES = YES;
				BUNDLE_LOADER = "$(TEST_HOST)";
				CODE_SIGN_STYLE = Automatic;
				COMBINE_HIDPI_IMAGES = YES;
				DEVELOPMENT_TEAM = YD6H32NYXJ;
				INFOPLIST_FILE = FileManager_macOS_DemoTests/Info.plist;
				LD_RUNPATH_SEARCH_PATHS = "$(inherited) @executable_path/../Frameworks @loader_path/../Frameworks";
				PRODUCT_BUNDLE_IDENTIFIER = "lesta.FileManager-macOS-DemoTests";
				PRODUCT_NAME = "$(TARGET_NAME)";
				SWIFT_VERSION = 4.0;
				TEST_HOST = "$(BUILT_PRODUCTS_DIR)/FileManager_macOS_Demo.app/Contents/MacOS/FileManager_macOS_Demo";
			};
			name = Release;
		};
/* End XCBuildConfiguration section */

/* Begin XCConfigurationList section */
		3A08A65E1F9AFF06004660BE /* Build configuration list for PBXProject "FileManager_macOS_Demo" */ = {
			isa = XCConfigurationList;
			buildConfigurations = (
				3A08A67C1F9AFF09004660BE /* Debug */,
				3A08A67D1F9AFF09004660BE /* Release */,
			);
			defaultConfigurationIsVisible = 0;
			defaultConfigurationName = Release;
		};
		3A08A67E1F9AFF09004660BE /* Build configuration list for PBXNativeTarget "FileManager_macOS_Demo" */ = {
			isa = XCConfigurationList;
			buildConfigurations = (
				3A08A67F1F9AFF09004660BE /* Debug */,
				3A08A6801F9AFF09004660BE /* Release */,
			);
			defaultConfigurationIsVisible = 0;
			defaultConfigurationName = Release;
		};
		3A08A6811F9AFF09004660BE /* Build configuration list for PBXNativeTarget "FileManager_macOS_DemoTests" */ = {
			isa = XCConfigurationList;
			buildConfigurations = (
				3A08A6821F9AFF09004660BE /* Debug */,
				3A08A6831F9AFF09004660BE /* Release */,
			);
			defaultConfigurationIsVisible = 0;
			defaultConfigurationName = Release;
		};
/* End XCConfigurationList section */
	};
	rootObject = 3A08A65B1F9AFF06004660BE /* Project object */;
}
