// !$*UTF8*$!
{
	archiveVersion = 1;
	classes = {
	};
	objectVersion = 46;
	objects = {

/* Begin PBXBuildFile section */
		3A8C275D1E989202008DAA97 /* main.m in Sources */ = {isa = PBXBuildFile; fileRef = 3A8C275C1E989202008DAA97 /* main.m */; };
		3A8C27601E989202008DAA97 /* AppDelegate.m in Sources */ = {isa = PBXBuildFile; fileRef = 3A8C275F1E989202008DAA97 /* AppDelegate.m */; };
		3A8C27631E989202008DAA97 /* ViewController.m in Sources */ = {isa = PBXBuildFile; fileRef = 3A8C27621E989202008DAA97 /* ViewController.m */; };
		3A8C27661E989202008DAA97 /* Main.storyboard in Resources */ = {isa = PBXBuildFile; fileRef = 3A8C27641E989202008DAA97 /* Main.storyboard */; };
		3A8C27681E989202008DAA97 /* Assets.xcassets in Resources */ = {isa = PBXBuildFile; fileRef = 3A8C27671E989202008DAA97 /* Assets.xcassets */; };
		3A8C276B1E989202008DAA97 /* LaunchScreen.storyboard in Resources */ = {isa = PBXBuildFile; fileRef = 3A8C27691E989202008DAA97 /* LaunchScreen.storyboard */; };
		3A8C27761E989202008DAA97 /* Unit_TestDemoTests.m in Sources */ = {isa = PBXBuildFile; fileRef = 3A8C27751E989202008DAA97 /* Unit_TestDemoTests.m */; };
/* End PBXBuildFile section */

/* Begin PBXContainerItemProxy section */
		3A8C27721E989202008DAA97 /* PBXContainerItemProxy */ = {
			isa = PBXContainerItemProxy;
			containerPortal = 3A8C27501E989202008DAA97 /* Project object */;
			proxyType = 1;
			remoteGlobalIDString = 3A8C27571E989202008DAA97;
			remoteInfo = Unit_TestDemo;
		};
/* End PBXContainerItemProxy section */

/* Begin PBXFileReference section */
		3A8C27581E989202008DAA97 /* Unit_TestDemo.app */ = {isa = PBXFileReference; explicitFileType = wrapper.application; includeInIndex = 0; path = Unit_TestDemo.app; sourceTree = BUILT_PRODUCTS_DIR; };
		3A8C275C1E989202008DAA97 /* main.m */ = {isa = PBXFileReference; lastKnownFileType = sourcecode.c.objc; path = main.m; sourceTree = "<group>"; };
		3A8C275E1E989202008DAA97 /* AppDelegate.h */ = {isa = PBXFileReference; lastKnownFileType = sourcecode.c.h; path = AppDelegate.h; sourceTree = "<group>"; };
		3A8C275F1E989202008DAA97 /* AppDelegate.m */ = {isa = PBXFileReference; lastKnownFileType = sourcecode.c.objc; path = AppDelegate.m; sourceTree = "<group>"; };
		3A8C27611E989202008DAA97 /* ViewController.h */ = {isa = PBXFileReference; lastKnownFileType = sourcecode.c.h; path = ViewController.h; sourceTree = "<group>"; };
		3A8C27621E989202008DAA97 /* ViewController.m */ = {isa = PBXFileReference; lastKnownFileType = sourcecode.c.objc; path = ViewController.m; sourceTree = "<group>"; };
		3A8C27651E989202008DAA97 /* Base */ = {isa = PBXFileReference; lastKnownFileType = file.storyboard; name = Base; path = Base.lproj/Main.storyboard; sourceTree = "<group>"; };
		3A8C27671E989202008DAA97 /* Assets.xcassets */ = {isa = PBXFileReference; lastKnownFileType = folder.assetcatalog; path = Assets.xcassets; sourceTree = "<group>"; };
		3A8C276A1E989202008DAA97 /* Base */ = {isa = PBXFileReference; lastKnownFileType = file.storyboard; name = Base; path = Base.lproj/LaunchScreen.storyboard; sourceTree = "<group>"; };
		3A8C276C1E989202008DAA97 /* Info.plist */ = {isa = PBXFileReference; lastKnownFileType = text.plist.xml; path = Info.plist; sourceTree = "<group>"; };
		3A8C27711E989202008DAA97 /* Unit_TestDemoTests.xctest */ = {isa = PBXFileReference; explicitFileType = wrapper.cfbundle; includeInIndex = 0; path = Unit_TestDemoTests.xctest; sourceTree = BUILT_PRODUCTS_DIR; };
		3A8C27751E989202008DAA97 /* Unit_TestDemoTests.m */ = {isa = PBXFileReference; lastKnownFileType = sourcecode.c.objc; path = Unit_TestDemoTests.m; sourceTree = "<group>"; };
		3A8C27771E989202008DAA97 /* Info.plist */ = {isa = PBXFileReference; lastKnownFileType = text.plist.xml; path = Info.plist; sourceTree = "<group>"; };
/* End PBXFileReference section */

/* Begin PBXFrameworksBuildPhase section */
		3A8C27551E989202008DAA97 /* Frameworks */ = {
			isa = PBXFrameworksBuildPhase;
			buildActionMask = 2147483647;
			files = (
			);
			runOnlyForDeploymentPostprocessing = 0;
		};
		3A8C276E1E989202008DAA97 /* Frameworks */ = {
			isa = PBXFrameworksBuildPhase;
			buildActionMask = 2147483647;
			files = (
			);
			runOnlyForDeploymentPostprocessing = 0;
		};
/* End PBXFrameworksBuildPhase section */

/* Begin PBXGroup section */
		3A8C274F1E989202008DAA97 = {
			isa = PBXGroup;
			children = (
				3A8C275A1E989202008DAA97 /* Unit_TestDemo */,
				3A8C27741E989202008DAA97 /* Unit_TestDemoTests */,
				3A8C27591E989202008DAA97 /* Products */,
			);
			sourceTree = "<group>";
		};
		3A8C27591E989202008DAA97 /* Products */ = {
			isa = PBXGroup;
			children = (
				3A8C27581E989202008DAA97 /* Unit_TestDemo.app */,
				3A8C27711E989202008DAA97 /* Unit_TestDemoTests.xctest */,
			);
			name = Products;
			sourceTree = "<group>";
		};
		3A8C275A1E989202008DAA97 /* Unit_TestDemo */ = {
			isa = PBXGroup;
			children = (
				3A8C275E1E989202008DAA97 /* AppDelegate.h */,
				3A8C275F1E989202008DAA97 /* AppDelegate.m */,
				3A8C27611E989202008DAA97 /* ViewController.h */,
				3A8C27621E989202008DAA97 /* ViewController.m */,
				3A8C27641E989202008DAA97 /* Main.storyboard */,
				3A8C27671E989202008DAA97 /* Assets.xcassets */,
				3A8C27691E989202008DAA97 /* LaunchScreen.storyboard */,
				3A8C276C1E989202008DAA97 /* Info.plist */,
				3A8C275B1E989202008DAA97 /* Supporting Files */,
			);
			path = Unit_TestDemo;
			sourceTree = "<group>";
		};
		3A8C275B1E989202008DAA97 /* Supporting Files */ = {
			isa = PBXGroup;
			children = (
				3A8C275C1E989202008DAA97 /* main.m */,
			);
			name = "Supporting Files";
			sourceTree = "<group>";
		};
		3A8C27741E989202008DAA97 /* Unit_TestDemoTests */ = {
			isa = PBXGroup;
			children = (
				3A8C27751E989202008DAA97 /* Unit_TestDemoTests.m */,
				3A8C27771E989202008DAA97 /* Info.plist */,
			);
			path = Unit_TestDemoTests;
			sourceTree = "<group>";
		};
/* End PBXGroup section */

/* Begin PBXNativeTarget section */
		3A8C27571E989202008DAA97 /* Unit_TestDemo */ = {
			isa = PBXNativeTarget;
			buildConfigurationList = 3A8C277A1E989202008DAA97 /* Build configuration list for PBXNativeTarget "Unit_TestDemo" */;
			buildPhases = (
				3A8C27541E989202008DAA97 /* Sources */,
				3A8C27551E989202008DAA97 /* Frameworks */,
				3A8C27561E989202008DAA97 /* Resources */,
			);
			buildRules = (
			);
			dependencies = (
			);
			name = Unit_TestDemo;
			productName = Unit_TestDemo;
			productReference = 3A8C27581E989202008DAA97 /* Unit_TestDemo.app */;
			productType = "com.apple.product-type.application";
		};
		3A8C27701E989202008DAA97 /* Unit_TestDemoTests */ = {
			isa = PBXNativeTarget;
			buildConfigurationList = 3A8C277D1E989202008DAA97 /* Build configuration list for PBXNativeTarget "Unit_TestDemoTests" */;
			buildPhases = (
				3A8C276D1E989202008DAA97 /* Sources */,
				3A8C276E1E989202008DAA97 /* Frameworks */,
				3A8C276F1E989202008DAA97 /* Resources */,
			);
			buildRules = (
			);
			dependencies = (
				3A8C27731E989202008DAA97 /* PBXTargetDependency */,
			);
			name = Unit_TestDemoTests;
			productName = Unit_TestDemoTests;
			productReference = 3A8C27711E989202008DAA97 /* Unit_TestDemoTests.xctest */;
			productType = "com.apple.product-type.bundle.unit-test";
		};
/* End PBXNativeTarget section */

/* Begin PBXProject section */
		3A8C27501E989202008DAA97 /* Project object */ = {
			isa = PBXProject;
			attributes = {
				LastUpgradeCheck = 0830;
				ORGANIZATIONNAME = zzkj;
				TargetAttributes = {
					3A8C27571E989202008DAA97 = {
						CreatedOnToolsVersion = 8.3;
						DevelopmentTeam = 6Q7KARRKGM;
						ProvisioningStyle = Automatic;
					};
					3A8C27701E989202008DAA97 = {
						CreatedOnToolsVersion = 8.3;
						ProvisioningStyle = Automatic;
						TestTargetID = 3A8C27571E989202008DAA97;
					};
				};
			};
			buildConfigurationList = 3A8C27531E989202008DAA97 /* Build configuration list for PBXProject "Unit_TestDemo" */;
			compatibilityVersion = "Xcode 3.2";
			developmentRegion = English;
			hasScannedForEncodings = 0;
			knownRegions = (
				en,
				Base,
			);
			mainGroup = 3A8C274F1E989202008DAA97;
			productRefGroup = 3A8C27591E989202008DAA97 /* Products */;
			projectDirPath = "";
			projectRoot = "";
			targets = (
				3A8C27571E989202008DAA97 /* Unit_TestDemo */,
				3A8C27701E989202008DAA97 /* Unit_TestDemoTests */,
			);
		};
/* End PBXProject section */

/* Begin PBXResourcesBuildPhase section */
		3A8C27561E989202008DAA97 /* Resources */ = {
			isa = PBXResourcesBuildPhase;
			buildActionMask = 2147483647;
			files = (
				3A8C276B1E989202008DAA97 /* LaunchScreen.storyboard in Resources */,
				3A8C27681E989202008DAA97 /* Assets.xcassets in Resources */,
				3A8C27661E989202008DAA97 /* Main.storyboard in Resources */,
			);
			runOnlyForDeploymentPostprocessing = 0;
		};
		3A8C276F1E989202008DAA97 /* Resources */ = {
			isa = PBXResourcesBuildPhase;
			buildActionMask = 2147483647;
			files = (
			);
			runOnlyForDeploymentPostprocessing = 0;
		};
/* End PBXResourcesBuildPhase section */

/* Begin PBXSourcesBuildPhase section */
		3A8C27541E989202008DAA97 /* Sources */ = {
			isa = PBXSourcesBuildPhase;
			buildActionMask = 2147483647;
			files = (
				3A8C27631E989202008DAA97 /* ViewController.m in Sources */,
				3A8C27601E989202008DAA97 /* AppDelegate.m in Sources */,
				3A8C275D1E989202008DAA97 /* main.m in Sources */,
			);
			runOnlyForDeploymentPostprocessing = 0;
		};
		3A8C276D1E989202008DAA97 /* Sources */ = {
			isa = PBXSourcesBuildPhase;
			buildActionMask = 2147483647;
			files = (
				3A8C27761E989202008DAA97 /* Unit_TestDemoTests.m in Sources */,
			);
			runOnlyForDeploymentPostprocessing = 0;
		};
/* End PBXSourcesBuildPhase section */

/* Begin PBXTargetDependency section */
		3A8C27731E989202008DAA97 /* PBXTargetDependency */ = {
			isa = PBXTargetDependency;
			target = 3A8C27571E989202008DAA97 /* Unit_TestDemo */;
			targetProxy = 3A8C27721E989202008DAA97 /* PBXContainerItemProxy */;
		};
/* End PBXTargetDependency section */

/* Begin PBXVariantGroup section */
		3A8C27641E989202008DAA97 /* Main.storyboard */ = {
			isa = PBXVariantGroup;
			children = (
				3A8C27651E989202008DAA97 /* Base */,
			);
			name = Main.storyboard;
			sourceTree = "<group>";
		};
		3A8C27691E989202008DAA97 /* LaunchScreen.storyboard */ = {
			isa = PBXVariantGroup;
			children = (
				3A8C276A1E989202008DAA97 /* Base */,
			);
			name = LaunchScreen.storyboard;
			sourceTree = "<group>";
		};
/* End PBXVariantGroup section */

/* Begin XCBuildConfiguration section */
		3A8C27781E989202008DAA97 /* Debug */ = {
			isa = XCBuildConfiguration;
			buildSettings = {
				ALWAYS_SEARCH_USER_PATHS = NO;
				CLANG_ANALYZER_NONNULL = YES;
				CLANG_ANALYZER_NUMBER_OBJECT_CONVERSION = YES_AGGRESSIVE;
				CLANG_CXX_LANGUAGE_STANDARD = "gnu++0x";
				CLANG_CXX_LIBRARY = "libc++";
				CLANG_ENABLE_MODULES = YES;
				CLANG_ENABLE_OBJC_ARC = YES;
				CLANG_WARN_BOOL_CONVERSION = YES;
				CLANG_WARN_CONSTANT_CONVERSION = YES;
				CLANG_WARN_DIRECT_OBJC_ISA_USAGE = YES_ERROR;
				CLANG_WARN_DOCUMENTATION_COMMENTS = YES;
				CLANG_WARN_EMPTY_BODY = YES;
				CLANG_WARN_ENUM_CONVERSION = YES;
				CLANG_WARN_INFINITE_RECURSION = YES;
				CLANG_WARN_INT_CONVERSION = YES;
				CLANG_WARN_OBJC_ROOT_CLASS = YES_ERROR;
				CLANG_WARN_SUSPICIOUS_MOVE = YES;
				CLANG_WARN_UNREACHABLE_CODE = YES;
				CLANG_WARN__DUPLICATE_METHOD_MATCH = YES;
				"CODE_SIGN_IDENTITY[sdk=iphoneos*]" = "iPhone Developer";
				COPY_PHASE_STRIP = NO;
				DEBUG_INFORMATION_FORMAT = dwarf;
				ENABLE_STRICT_OBJC_MSGSEND = YES;
				ENABLE_TESTABILITY = YES;
				GCC_C_LANGUAGE_STANDARD = gnu99;
				GCC_DYNAMIC_NO_PIC = NO;
				GCC_NO_COMMON_BLOCKS = YES;
				GCC_OPTIMIZATION_LEVEL = 0;
				GCC_PREPROCESSOR_DEFINITIONS = (
					"DEBUG=1",
					"$(inherited)",
				);
				GCC_WARN_64_TO_32_BIT_CONVERSION = YES;
				GCC_WARN_ABOUT_RETURN_TYPE = YES_ERROR;
				GCC_WARN_UNDECLARED_SELECTOR = YES;
				GCC_WARN_UNINITIALIZED_AUTOS = YES_AGGRESSIVE;
				GCC_WARN_UNUSED_FUNCTION = YES;
				GCC_WARN_UNUSED_VARIABLE = YES;
				IPHONEOS_DEPLOYMENT_TARGET = 10.3;
				MTL_ENABLE_DEBUG_INFO = YES;
				ONLY_ACTIVE_ARCH = YES;
				SDKROOT = iphoneos;
				TARGETED_DEVICE_FAMILY = "1,2";
			};
			name = Debug;
		};
		3A8C27791E989202008DAA97 /* Release */ = {
			isa = XCBuildConfiguration;
			buildSettings = {
				ALWAYS_SEARCH_USER_PATHS = NO;
				CLANG_ANALYZER_NONNULL = YES;
				CLANG_ANALYZER_NUMBER_OBJECT_CONVERSION = YES_AGGRESSIVE;
				CLANG_CXX_LANGUAGE_STANDARD = "gnu++0x";
				CLANG_CXX_LIBRARY = "libc++";
				CLANG_ENABLE_MODULES = YES;
				CLANG_ENABLE_OBJC_ARC = YES;
				CLANG_WARN_BOOL_CONVERSION = YES;
				CLANG_WARN_CONSTANT_CONVERSION = YES;
				CLANG_WARN_DIRECT_OBJC_ISA_USAGE = YES_ERROR;
				CLANG_WARN_DOCUMENTATION_COMMENTS = YES;
				CLANG_WARN_EMPTY_BODY = YES;
				CLANG_WARN_ENUM_CONVERSION = YES;
				CLANG_WARN_INFINITE_RECURSION = YES;
				CLANG_WARN_INT_CONVERSION = YES;
				CLANG_WARN_OBJC_ROOT_CLASS = YES_ERROR;
				CLANG_WARN_SUSPICIOUS_MOVE = YES;
				CLANG_WARN_UNREACHABLE_CODE = YES;
				CLANG_WARN__DUPLICATE_METHOD_MATCH = YES;
				"CODE_SIGN_IDENTITY[sdk=iphoneos*]" = "iPhone Developer";
				COPY_PHASE_STRIP = NO;
				DEBUG_INFORMATION_FORMAT = "dwarf-with-dsym";
				ENABLE_NS_ASSERTIONS = NO;
				ENABLE_STRICT_OBJC_MSGSEND = YES;
				GCC_C_LANGUAGE_STANDARD = gnu99;
				GCC_NO_COMMON_BLOCKS = YES;
				GCC_WARN_64_TO_32_BIT_CONVERSION = YES;
				GCC_WARN_ABOUT_RETURN_TYPE = YES_ERROR;
				GCC_WARN_UNDECLARED_SELECTOR = YES;
				GCC_WARN_UNINITIALIZED_AUTOS = YES_AGGRESSIVE;
				GCC_WARN_UNUSED_FUNCTION = YES;
				GCC_WARN_UNUSED_VARIABLE = YES;
				IPHONEOS_DEPLOYMENT_TARGET = 10.3;
				MTL_ENABLE_DEBUG_INFO = NO;
				SDKROOT = iphoneos;
				TARGETED_DEVICE_FAMILY = "1,2";
				VALIDATE_PRODUCT = YES;
			};
			name = Release;
		};
		3A8C277B1E989202008DAA97 /* Debug */ = {
			isa = XCBuildConfiguration;
			buildSettings = {
				ASSETCATALOG_COMPILER_APPICON_NAME = AppIcon;
				DEVELOPMENT_TEAM = 6Q7KARRKGM;
				INFOPLIST_FILE = Unit_TestDemo/Info.plist;
				LD_RUNPATH_SEARCH_PATHS = "$(inherited) @executable_path/Frameworks";
				PRODUCT_BUNDLE_IDENTIFIER = "shanvoo.Unit-TestDemo";
				PRODUCT_NAME = "$(TARGET_NAME)";
			};
			name = Debug;
		};
		3A8C277C1E989202008DAA97 /* Release */ = {
			isa = XCBuildConfiguration;
			buildSettings = {
				ASSETCATALOG_COMPILER_APPICON_NAME = AppIcon;
				DEVELOPMENT_TEAM = 6Q7KARRKGM;
				INFOPLIST_FILE = Unit_TestDemo/Info.plist;
				LD_RUNPATH_SEARCH_PATHS = "$(inherited) @executable_path/Frameworks";
				PRODUCT_BUNDLE_IDENTIFIER = "shanvoo.Unit-TestDemo";
				PRODUCT_NAME = "$(TARGET_NAME)";
			};
			name = Release;
		};
		3A8C277E1E989202008DAA97 /* Debug */ = {
			isa = XCBuildConfiguration;
			buildSettings = {
				BUNDLE_LOADER = "$(TEST_HOST)";
				INFOPLIST_FILE = Unit_TestDemoTests/Info.plist;
				LD_RUNPATH_SEARCH_PATHS = "$(inherited) @executable_path/Frameworks @loader_path/Frameworks";
				PRODUCT_BUNDLE_IDENTIFIER = "shanvoo.Unit-TestDemoTests";
				PRODUCT_NAME = "$(TARGET_NAME)";
				TEST_HOST = "$(BUILT_PRODUCTS_DIR)/Unit_TestDemo.app/Unit_TestDemo";
			};
			name = Debug;
		};
		3A8C277F1E989202008DAA97 /* Release */ = {
			isa = XCBuildConfiguration;
			buildSettings = {
				BUNDLE_LOADER = "$(TEST_HOST)";
				INFOPLIST_FILE = Unit_TestDemoTests/Info.plist;
				LD_RUNPATH_SEARCH_PATHS = "$(inherited) @executable_path/Frameworks @loader_path/Frameworks";
				PRODUCT_BUNDLE_IDENTIFIER = "shanvoo.Unit-TestDemoTests";
				PRODUCT_NAME = "$(TARGET_NAME)";
				TEST_HOST = "$(BUILT_PRODUCTS_DIR)/Unit_TestDemo.app/Unit_TestDemo";
			};
			name = Release;
		};
/* End XCBuildConfiguration section */

/* Begin XCConfigurationList section */
		3A8C27531E989202008DAA97 /* Build configuration list for PBXProject "Unit_TestDemo" */ = {
			isa = XCConfigurationList;
			buildConfigurations = (
				3A8C27781E989202008DAA97 /* Debug */,
				3A8C27791E989202008DAA97 /* Release */,
			);
			defaultConfigurationIsVisible = 0;
			defaultConfigurationName = Release;
		};
		3A8C277A1E989202008DAA97 /* Build configuration list for PBXNativeTarget "Unit_TestDemo" */ = {
			isa = XCConfigurationList;
			buildConfigurations = (
				3A8C277B1E989202008DAA97 /* Debug */,
				3A8C277C1E989202008DAA97 /* Release */,
			);
			defaultConfigurationIsVisible = 0;
		};
		3A8C277D1E989202008DAA97 /* Build configuration list for PBXNativeTarget "Unit_TestDemoTests" */ = {
			isa = XCConfigurationList;
			buildConfigurations = (
				3A8C277E1E989202008DAA97 /* Debug */,
				3A8C277F1E989202008DAA97 /* Release */,
			);
			defaultConfigurationIsVisible = 0;
		};
/* End XCConfigurationList section */
	};
	rootObject = 3A8C27501E989202008DAA97 /* Project object */;
}
