// !$*UTF8*$!
{
	archiveVersion = 1;
	classes = {
	};
	objectVersion = 46;
	objects = {

/* Begin PBXBuildFile section */
		3ABDB4911F4D680E00F58729 /* AppDelegate.swift in Sources */ = {isa = PBXBuildFile; fileRef = 3ABDB4901F4D680E00F58729 /* AppDelegate.swift */; };
		3ABDB4931F4D680E00F58729 /* ViewController.swift in Sources */ = {isa = PBXBuildFile; fileRef = 3ABDB4921F4D680E00F58729 /* ViewController.swift */; };
		3ABDB4961F4D680E00F58729 /* Main.storyboard in Resources */ = {isa = PBXBuildFile; fileRef = 3ABDB4941F4D680E00F58729 /* Main.storyboard */; };
		3ABDB4981F4D680F00F58729 /* Assets.xcassets in Resources */ = {isa = PBXBuildFile; fileRef = 3ABDB4971F4D680F00F58729 /* Assets.xcassets */; };
		3ABDB49B1F4D680F00F58729 /* LaunchScreen.storyboard in Resources */ = {isa = PBXBuildFile; fileRef = 3ABDB4991F4D680F00F58729 /* LaunchScreen.storyboard */; };
		3ABDB4A61F4D680F00F58729 /* CollectionViewTestTests.swift in Sources */ = {isa = PBXBuildFile; fileRef = 3ABDB4A51F4D680F00F58729 /* CollectionViewTestTests.swift */; };
		3ABDB4B11F4D686900F58729 /* HelloCollectionViewCell.swift in Sources */ = {isa = PBXBuildFile; fileRef = 3ABDB4B01F4D686900F58729 /* HelloCollectionViewCell.swift */; };
		3ABDB4B31F4D687E00F58729 /* HelloCollectionViewCell.xib in Resources */ = {isa = PBXBuildFile; fileRef = 3ABDB4B21F4D687E00F58729 /* HelloCollectionViewCell.xib */; };
/* End PBXBuildFile section */

/* Begin PBXContainerItemProxy section */
		3ABDB4A21F4D680F00F58729 /* PBXContainerItemProxy */ = {
			isa = PBXContainerItemProxy;
			containerPortal = 3ABDB4851F4D680D00F58729 /* Project object */;
			proxyType = 1;
			remoteGlobalIDString = 3ABDB48C1F4D680D00F58729;
			remoteInfo = CollectionViewTest;
		};
/* End PBXContainerItemProxy section */

/* Begin PBXFileReference section */
		3ABDB48D1F4D680D00F58729 /* CollectionViewTest.app */ = {isa = PBXFileReference; explicitFileType = wrapper.application; includeInIndex = 0; path = CollectionViewTest.app; sourceTree = BUILT_PRODUCTS_DIR; };
		3ABDB4901F4D680E00F58729 /* AppDelegate.swift */ = {isa = PBXFileReference; lastKnownFileType = sourcecode.swift; path = AppDelegate.swift; sourceTree = "<group>"; };
		3ABDB4921F4D680E00F58729 /* ViewController.swift */ = {isa = PBXFileReference; lastKnownFileType = sourcecode.swift; path = ViewController.swift; sourceTree = "<group>"; };
		3ABDB4951F4D680E00F58729 /* Base */ = {isa = PBXFileReference; lastKnownFileType = file.storyboard; name = Base; path = Base.lproj/Main.storyboard; sourceTree = "<group>"; };
		3ABDB4971F4D680F00F58729 /* Assets.xcassets */ = {isa = PBXFileReference; lastKnownFileType = folder.assetcatalog; path = Assets.xcassets; sourceTree = "<group>"; };
		3ABDB49A1F4D680F00F58729 /* Base */ = {isa = PBXFileReference; lastKnownFileType = file.storyboard; name = Base; path = Base.lproj/LaunchScreen.storyboard; sourceTree = "<group>"; };
		3ABDB49C1F4D680F00F58729 /* Info.plist */ = {isa = PBXFileReference; lastKnownFileType = text.plist.xml; path = Info.plist; sourceTree = "<group>"; };
		3ABDB4A11F4D680F00F58729 /* CollectionViewTestTests.xctest */ = {isa = PBXFileReference; explicitFileType = wrapper.cfbundle; includeInIndex = 0; path = CollectionViewTestTests.xctest; sourceTree = BUILT_PRODUCTS_DIR; };
		3ABDB4A51F4D680F00F58729 /* CollectionViewTestTests.swift */ = {isa = PBXFileReference; lastKnownFileType = sourcecode.swift; path = CollectionViewTestTests.swift; sourceTree = "<group>"; };
		3ABDB4A71F4D680F00F58729 /* Info.plist */ = {isa = PBXFileReference; lastKnownFileType = text.plist.xml; path = Info.plist; sourceTree = "<group>"; };
		3ABDB4B01F4D686900F58729 /* HelloCollectionViewCell.swift */ = {isa = PBXFileReference; fileEncoding = 4; lastKnownFileType = sourcecode.swift; path = HelloCollectionViewCell.swift; sourceTree = "<group>"; };
		3ABDB4B21F4D687E00F58729 /* HelloCollectionViewCell.xib */ = {isa = PBXFileReference; fileEncoding = 4; lastKnownFileType = file.xib; path = HelloCollectionViewCell.xib; sourceTree = "<group>"; };
/* End PBXFileReference section */

/* Begin PBXFrameworksBuildPhase section */
		3ABDB48A1F4D680D00F58729 /* Frameworks */ = {
			isa = PBXFrameworksBuildPhase;
			buildActionMask = 2147483647;
			files = (
			);
			runOnlyForDeploymentPostprocessing = 0;
		};
		3ABDB49E1F4D680F00F58729 /* Frameworks */ = {
			isa = PBXFrameworksBuildPhase;
			buildActionMask = 2147483647;
			files = (
			);
			runOnlyForDeploymentPostprocessing = 0;
		};
/* End PBXFrameworksBuildPhase section */

/* Begin PBXGroup section */
		3ABDB4841F4D680D00F58729 = {
			isa = PBXGroup;
			children = (
				3ABDB48F1F4D680E00F58729 /* CollectionViewTest */,
				3ABDB4A41F4D680F00F58729 /* CollectionViewTestTests */,
				3ABDB48E1F4D680E00F58729 /* Products */,
			);
			sourceTree = "<group>";
		};
		3ABDB48E1F4D680E00F58729 /* Products */ = {
			isa = PBXGroup;
			children = (
				3ABDB48D1F4D680D00F58729 /* CollectionViewTest.app */,
				3ABDB4A11F4D680F00F58729 /* CollectionViewTestTests.xctest */,
			);
			name = Products;
			sourceTree = "<group>";
		};
		3ABDB48F1F4D680E00F58729 /* CollectionViewTest */ = {
			isa = PBXGroup;
			children = (
				3ABDB4901F4D680E00F58729 /* AppDelegate.swift */,
				3ABDB4921F4D680E00F58729 /* ViewController.swift */,
				3ABDB4941F4D680E00F58729 /* Main.storyboard */,
				3ABDB4B01F4D686900F58729 /* HelloCollectionViewCell.swift */,
				3ABDB4B21F4D687E00F58729 /* HelloCollectionViewCell.xib */,
				3ABDB4971F4D680F00F58729 /* Assets.xcassets */,
				3ABDB4991F4D680F00F58729 /* LaunchScreen.storyboard */,
				3ABDB49C1F4D680F00F58729 /* Info.plist */,
			);
			path = CollectionViewTest;
			sourceTree = "<group>";
		};
		3ABDB4A41F4D680F00F58729 /* CollectionViewTestTests */ = {
			isa = PBXGroup;
			children = (
				3ABDB4A51F4D680F00F58729 /* CollectionViewTestTests.swift */,
				3ABDB4A71F4D680F00F58729 /* Info.plist */,
			);
			path = CollectionViewTestTests;
			sourceTree = "<group>";
		};
/* End PBXGroup section */

/* Begin PBXNativeTarget section */
		3ABDB48C1F4D680D00F58729 /* CollectionViewTest */ = {
			isa = PBXNativeTarget;
			buildConfigurationList = 3ABDB4AA1F4D680F00F58729 /* Build configuration list for PBXNativeTarget "CollectionViewTest" */;
			buildPhases = (
				3ABDB4891F4D680D00F58729 /* Sources */,
				3ABDB48A1F4D680D00F58729 /* Frameworks */,
				3ABDB48B1F4D680D00F58729 /* Resources */,
			);
			buildRules = (
			);
			dependencies = (
			);
			name = CollectionViewTest;
			productName = CollectionViewTest;
			productReference = 3ABDB48D1F4D680D00F58729 /* CollectionViewTest.app */;
			productType = "com.apple.product-type.application";
		};
		3ABDB4A01F4D680F00F58729 /* CollectionViewTestTests */ = {
			isa = PBXNativeTarget;
			buildConfigurationList = 3ABDB4AD1F4D680F00F58729 /* Build configuration list for PBXNativeTarget "CollectionViewTestTests" */;
			buildPhases = (
				3ABDB49D1F4D680F00F58729 /* Sources */,
				3ABDB49E1F4D680F00F58729 /* Frameworks */,
				3ABDB49F1F4D680F00F58729 /* Resources */,
			);
			buildRules = (
			);
			dependencies = (
				3ABDB4A31F4D680F00F58729 /* PBXTargetDependency */,
			);
			name = CollectionViewTestTests;
			productName = CollectionViewTestTests;
			productReference = 3ABDB4A11F4D680F00F58729 /* CollectionViewTestTests.xctest */;
			productType = "com.apple.product-type.bundle.unit-test";
		};
/* End PBXNativeTarget section */

/* Begin PBXProject section */
		3ABDB4851F4D680D00F58729 /* Project object */ = {
			isa = PBXProject;
			attributes = {
				LastSwiftUpdateCheck = 0830;
				LastUpgradeCheck = 0830;
				ORGANIZATIONNAME = zzkj;
				TargetAttributes = {
					3ABDB48C1F4D680D00F58729 = {
						CreatedOnToolsVersion = 8.3.3;
						DevelopmentTeam = YD6H32NYXJ;
						ProvisioningStyle = Automatic;
					};
					3ABDB4A01F4D680F00F58729 = {
						CreatedOnToolsVersion = 8.3.3;
						DevelopmentTeam = YD6H32NYXJ;
						ProvisioningStyle = Automatic;
						TestTargetID = 3ABDB48C1F4D680D00F58729;
					};
				};
			};
			buildConfigurationList = 3ABDB4881F4D680D00F58729 /* Build configuration list for PBXProject "CollectionViewTest" */;
			compatibilityVersion = "Xcode 3.2";
			developmentRegion = English;
			hasScannedForEncodings = 0;
			knownRegions = (
				en,
				Base,
			);
			mainGroup = 3ABDB4841F4D680D00F58729;
			productRefGroup = 3ABDB48E1F4D680E00F58729 /* Products */;
			projectDirPath = "";
			projectRoot = "";
			targets = (
				3ABDB48C1F4D680D00F58729 /* CollectionViewTest */,
				3ABDB4A01F4D680F00F58729 /* CollectionViewTestTests */,
			);
		};
/* End PBXProject section */

/* Begin PBXResourcesBuildPhase section */
		3ABDB48B1F4D680D00F58729 /* Resources */ = {
			isa = PBXResourcesBuildPhase;
			buildActionMask = 2147483647;
			files = (
				3ABDB49B1F4D680F00F58729 /* LaunchScreen.storyboard in Resources */,
				3ABDB4981F4D680F00F58729 /* Assets.xcassets in Resources */,
				3ABDB4961F4D680E00F58729 /* Main.storyboard in Resources */,
				3ABDB4B31F4D687E00F58729 /* HelloCollectionViewCell.xib in Resources */,
			);
			runOnlyForDeploymentPostprocessing = 0;
		};
		3ABDB49F1F4D680F00F58729 /* Resources */ = {
			isa = PBXResourcesBuildPhase;
			buildActionMask = 2147483647;
			files = (
			);
			runOnlyForDeploymentPostprocessing = 0;
		};
/* End PBXResourcesBuildPhase section */

/* Begin PBXSourcesBuildPhase section */
		3ABDB4891F4D680D00F58729 /* Sources */ = {
			isa = PBXSourcesBuildPhase;
			buildActionMask = 2147483647;
			files = (
				3ABDB4931F4D680E00F58729 /* ViewController.swift in Sources */,
				3ABDB4911F4D680E00F58729 /* AppDelegate.swift in Sources */,
				3ABDB4B11F4D686900F58729 /* HelloCollectionViewCell.swift in Sources */,
			);
			runOnlyForDeploymentPostprocessing = 0;
		};
		3ABDB49D1F4D680F00F58729 /* Sources */ = {
			isa = PBXSourcesBuildPhase;
			buildActionMask = 2147483647;
			files = (
				3ABDB4A61F4D680F00F58729 /* CollectionViewTestTests.swift in Sources */,
			);
			runOnlyForDeploymentPostprocessing = 0;
		};
/* End PBXSourcesBuildPhase section */

/* Begin PBXTargetDependency section */
		3ABDB4A31F4D680F00F58729 /* PBXTargetDependency */ = {
			isa = PBXTargetDependency;
			target = 3ABDB48C1F4D680D00F58729 /* CollectionViewTest */;
			targetProxy = 3ABDB4A21F4D680F00F58729 /* PBXContainerItemProxy */;
		};
/* End PBXTargetDependency section */

/* Begin PBXVariantGroup section */
		3ABDB4941F4D680E00F58729 /* Main.storyboard */ = {
			isa = PBXVariantGroup;
			children = (
				3ABDB4951F4D680E00F58729 /* Base */,
			);
			name = Main.storyboard;
			sourceTree = "<group>";
		};
		3ABDB4991F4D680F00F58729 /* LaunchScreen.storyboard */ = {
			isa = PBXVariantGroup;
			children = (
				3ABDB49A1F4D680F00F58729 /* Base */,
			);
			name = LaunchScreen.storyboard;
			sourceTree = "<group>";
		};
/* End PBXVariantGroup section */

/* Begin XCBuildConfiguration section */
		3ABDB4A81F4D680F00F58729 /* Debug */ = {
			isa = XCBuildConfiguration;
			buildSettings = {
				ALWAYS_SEARCH_USER_PATHS = NO;
				CLANG_ANALYZER_NONNULL = YES;
				CLANG_ANALYZER_NUMBER_OBJECT_CONVERSION = YES_AGGRESSIVE;
				CLANG_CXX_LANGUAGE_STANDARD = "gnu++0x";
				CLANG_CXX_LIBRARY = "libc++";
				CLANG_ENABLE_MODULES = YES;
				CLANG_ENABLE_OBJC_ARC = YES;
				CLANG_WARN_BOOL_CONVERSION = YES;
				CLANG_WARN_CONSTANT_CONVERSION = YES;
				CLANG_WARN_DIRECT_OBJC_ISA_USAGE = YES_ERROR;
				CLANG_WARN_DOCUMENTATION_COMMENTS = YES;
				CLANG_WARN_EMPTY_BODY = YES;
				CLANG_WARN_ENUM_CONVERSION = YES;
				CLANG_WARN_INFINITE_RECURSION = YES;
				CLANG_WARN_INT_CONVERSION = YES;
				CLANG_WARN_OBJC_ROOT_CLASS = YES_ERROR;
				CLANG_WARN_SUSPICIOUS_MOVE = YES;
				CLANG_WARN_UNREACHABLE_CODE = YES;
				CLANG_WARN__DUPLICATE_METHOD_MATCH = YES;
				"CODE_SIGN_IDENTITY[sdk=iphoneos*]" = "iPhone Developer";
				COPY_PHASE_STRIP = NO;
				DEBUG_INFORMATION_FORMAT = dwarf;
				ENABLE_STRICT_OBJC_MSGSEND = YES;
				ENABLE_TESTABILITY = YES;
				GCC_C_LANGUAGE_STANDARD = gnu99;
				GCC_DYNAMIC_NO_PIC = NO;
				GCC_NO_COMMON_BLOCKS = YES;
				GCC_OPTIMIZATION_LEVEL = 0;
				GCC_PREPROCESSOR_DEFINITIONS = (
					"DEBUG=1",
					"$(inherited)",
				);
				GCC_WARN_64_TO_32_BIT_CONVERSION = YES;
				GCC_WARN_ABOUT_RETURN_TYPE = YES_ERROR;
				GCC_WARN_UNDECLARED_SELECTOR = YES;
				GCC_WARN_UNINITIALIZED_AUTOS = YES_AGGRESSIVE;
				GCC_WARN_UNUSED_FUNCTION = YES;
				GCC_WARN_UNUSED_VARIABLE = YES;
				IPHONEOS_DEPLOYMENT_TARGET = 10.3;
				MTL_ENABLE_DEBUG_INFO = YES;
				ONLY_ACTIVE_ARCH = YES;
				SDKROOT = iphoneos;
				SWIFT_ACTIVE_COMPILATION_CONDITIONS = DEBUG;
				SWIFT_OPTIMIZATION_LEVEL = "-Onone";
				TARGETED_DEVICE_FAMILY = "1,2";
			};
			name = Debug;
		};
		3ABDB4A91F4D680F00F58729 /* Release */ = {
			isa = XCBuildConfiguration;
			buildSettings = {
				ALWAYS_SEARCH_USER_PATHS = NO;
				CLANG_ANALYZER_NONNULL = YES;
				CLANG_ANALYZER_NUMBER_OBJECT_CONVERSION = YES_AGGRESSIVE;
				CLANG_CXX_LANGUAGE_STANDARD = "gnu++0x";
				CLANG_CXX_LIBRARY = "libc++";
				CLANG_ENABLE_MODULES = YES;
				CLANG_ENABLE_OBJC_ARC = YES;
				CLANG_WARN_BOOL_CONVERSION = YES;
				CLANG_WARN_CONSTANT_CONVERSION = YES;
				CLANG_WARN_DIRECT_OBJC_ISA_USAGE = YES_ERROR;
				CLANG_WARN_DOCUMENTATION_COMMENTS = YES;
				CLANG_WARN_EMPTY_BODY = YES;
				CLANG_WARN_ENUM_CONVERSION = YES;
				CLANG_WARN_INFINITE_RECURSION = YES;
				CLANG_WARN_INT_CONVERSION = YES;
				CLANG_WARN_OBJC_ROOT_CLASS = YES_ERROR;
				CLANG_WARN_SUSPICIOUS_MOVE = YES;
				CLANG_WARN_UNREACHABLE_CODE = YES;
				CLANG_WARN__DUPLICATE_METHOD_MATCH = YES;
				"CODE_SIGN_IDENTITY[sdk=iphoneos*]" = "iPhone Developer";
				COPY_PHASE_STRIP = NO;
				DEBUG_INFORMATION_FORMAT = "dwarf-with-dsym";
				ENABLE_NS_ASSERTIONS = NO;
				ENABLE_STRICT_OBJC_MSGSEND = YES;
				GCC_C_LANGUAGE_STANDARD = gnu99;
				GCC_NO_COMMON_BLOCKS = YES;
				GCC_WARN_64_TO_32_BIT_CONVERSION = YES;
				GCC_WARN_ABOUT_RETURN_TYPE = YES_ERROR;
				GCC_WARN_UNDECLARED_SELECTOR = YES;
				GCC_WARN_UNINITIALIZED_AUTOS = YES_AGGRESSIVE;
				GCC_WARN_UNUSED_FUNCTION = YES;
				GCC_WARN_UNUSED_VARIABLE = YES;
				IPHONEOS_DEPLOYMENT_TARGET = 10.3;
				MTL_ENABLE_DEBUG_INFO = NO;
				SDKROOT = iphoneos;
				SWIFT_OPTIMIZATION_LEVEL = "-Owholemodule";
				TARGETED_DEVICE_FAMILY = "1,2";
				VALIDATE_PRODUCT = YES;
			};
			name = Release;
		};
		3ABDB4AB1F4D680F00F58729 /* Debug */ = {
			isa = XCBuildConfiguration;
			buildSettings = {
				ASSETCATALOG_COMPILER_APPICON_NAME = AppIcon;
				DEVELOPMENT_TEAM = YD6H32NYXJ;
				INFOPLIST_FILE = CollectionViewTest/Info.plist;
				LD_RUNPATH_SEARCH_PATHS = "$(inherited) @executable_path/Frameworks";
				PRODUCT_BUNDLE_IDENTIFIER = shanvoo.CollectionViewTest;
				PRODUCT_NAME = "$(TARGET_NAME)";
				SWIFT_VERSION = 3.0;
			};
			name = Debug;
		};
		3ABDB4AC1F4D680F00F58729 /* Release */ = {
			isa = XCBuildConfiguration;
			buildSettings = {
				ASSETCATALOG_COMPILER_APPICON_NAME = AppIcon;
				DEVELOPMENT_TEAM = YD6H32NYXJ;
				INFOPLIST_FILE = CollectionViewTest/Info.plist;
				LD_RUNPATH_SEARCH_PATHS = "$(inherited) @executable_path/Frameworks";
				PRODUCT_BUNDLE_IDENTIFIER = shanvoo.CollectionViewTest;
				PRODUCT_NAME = "$(TARGET_NAME)";
				SWIFT_VERSION = 3.0;
			};
			name = Release;
		};
		3ABDB4AE1F4D680F00F58729 /* Debug */ = {
			isa = XCBuildConfiguration;
			buildSettings = {
				ALWAYS_EMBED_SWIFT_STANDARD_LIBRARIES = YES;
				BUNDLE_LOADER = "$(TEST_HOST)";
				DEVELOPMENT_TEAM = YD6H32NYXJ;
				INFOPLIST_FILE = CollectionViewTestTests/Info.plist;
				LD_RUNPATH_SEARCH_PATHS = "$(inherited) @executable_path/Frameworks @loader_path/Frameworks";
				PRODUCT_BUNDLE_IDENTIFIER = shanvoo.CollectionViewTestTests;
				PRODUCT_NAME = "$(TARGET_NAME)";
				SWIFT_VERSION = 3.0;
				TEST_HOST = "$(BUILT_PRODUCTS_DIR)/CollectionViewTest.app/CollectionViewTest";
			};
			name = Debug;
		};
		3ABDB4AF1F4D680F00F58729 /* Release */ = {
			isa = XCBuildConfiguration;
			buildSettings = {
				ALWAYS_EMBED_SWIFT_STANDARD_LIBRARIES = YES;
				BUNDLE_LOADER = "$(TEST_HOST)";
				DEVELOPMENT_TEAM = YD6H32NYXJ;
				INFOPLIST_FILE = CollectionViewTestTests/Info.plist;
				LD_RUNPATH_SEARCH_PATHS = "$(inherited) @executable_path/Frameworks @loader_path/Frameworks";
				PRODUCT_BUNDLE_IDENTIFIER = shanvoo.CollectionViewTestTests;
				PRODUCT_NAME = "$(TARGET_NAME)";
				SWIFT_VERSION = 3.0;
				TEST_HOST = "$(BUILT_PRODUCTS_DIR)/CollectionViewTest.app/CollectionViewTest";
			};
			name = Release;
		};
/* End XCBuildConfiguration section */

/* Begin XCConfigurationList section */
		3ABDB4881F4D680D00F58729 /* Build configuration list for PBXProject "CollectionViewTest" */ = {
			isa = XCConfigurationList;
			buildConfigurations = (
				3ABDB4A81F4D680F00F58729 /* Debug */,
				3ABDB4A91F4D680F00F58729 /* Release */,
			);
			defaultConfigurationIsVisible = 0;
			defaultConfigurationName = Release;
		};
		3ABDB4AA1F4D680F00F58729 /* Build configuration list for PBXNativeTarget "CollectionViewTest" */ = {
			isa = XCConfigurationList;
			buildConfigurations = (
				3ABDB4AB1F4D680F00F58729 /* Debug */,
				3ABDB4AC1F4D680F00F58729 /* Release */,
			);
			defaultConfigurationIsVisible = 0;
		};
		3ABDB4AD1F4D680F00F58729 /* Build configuration list for PBXNativeTarget "CollectionViewTestTests" */ = {
			isa = XCConfigurationList;
			buildConfigurations = (
				3ABDB4AE1F4D680F00F58729 /* Debug */,
				3ABDB4AF1F4D680F00F58729 /* Release */,
			);
			defaultConfigurationIsVisible = 0;
		};
/* End XCConfigurationList section */
	};
	rootObject = 3ABDB4851F4D680D00F58729 /* Project object */;
}
