// !$*UTF8*$!
{
	archiveVersion = 1;
	classes = {
	};
	objectVersion = 48;
	objects = {

/* Begin PBXBuildFile section */
		3AB1D5011F6FBB9F001244B3 /* AppDelegate.swift in Sources */ = {isa = PBXBuildFile; fileRef = 3AB1D5001F6FBB9F001244B3 /* AppDelegate.swift */; };
		3AB1D5031F6FBB9F001244B3 /* DocumentBrowserViewController.swift in Sources */ = {isa = PBXBuildFile; fileRef = 3AB1D5021F6FBB9F001244B3 /* DocumentBrowserViewController.swift */; };
		3AB1D5051F6FBB9F001244B3 /* DocumentViewController.swift in Sources */ = {isa = PBXBuildFile; fileRef = 3AB1D5041F6FBB9F001244B3 /* DocumentViewController.swift */; };
		3AB1D5071F6FBB9F001244B3 /* Document.swift in Sources */ = {isa = PBXBuildFile; fileRef = 3AB1D5061F6FBB9F001244B3 /* Document.swift */; };
		3AB1D50A1F6FBB9F001244B3 /* Main.storyboard in Resources */ = {isa = PBXBuildFile; fileRef = 3AB1D5081F6FBB9F001244B3 /* Main.storyboard */; };
		3AB1D50C1F6FBB9F001244B3 /* Assets.xcassets in Resources */ = {isa = PBXBuildFile; fileRef = 3AB1D50B1F6FBB9F001244B3 /* Assets.xcassets */; };
		3AB1D50F1F6FBB9F001244B3 /* LaunchScreen.storyboard in Resources */ = {isa = PBXBuildFile; fileRef = 3AB1D50D1F6FBB9F001244B3 /* LaunchScreen.storyboard */; };
		3AB1D51A1F6FBB9F001244B3 /* Doc_BasedAppDemoTests.swift in Sources */ = {isa = PBXBuildFile; fileRef = 3AB1D5191F6FBB9F001244B3 /* Doc_BasedAppDemoTests.swift */; };
/* End PBXBuildFile section */

/* Begin PBXContainerItemProxy section */
		3AB1D5161F6FBB9F001244B3 /* PBXContainerItemProxy */ = {
			isa = PBXContainerItemProxy;
			containerPortal = 3AB1D4F51F6FBB9E001244B3 /* Project object */;
			proxyType = 1;
			remoteGlobalIDString = 3AB1D4FC1F6FBB9E001244B3;
			remoteInfo = "Doc-BasedAppDemo";
		};
/* End PBXContainerItemProxy section */

/* Begin PBXFileReference section */
		3AB1D4FD1F6FBB9E001244B3 /* Doc-BasedAppDemo.app */ = {isa = PBXFileReference; explicitFileType = wrapper.application; includeInIndex = 0; path = "Doc-BasedAppDemo.app"; sourceTree = BUILT_PRODUCTS_DIR; };
		3AB1D5001F6FBB9F001244B3 /* AppDelegate.swift */ = {isa = PBXFileReference; lastKnownFileType = sourcecode.swift; path = AppDelegate.swift; sourceTree = "<group>"; };
		3AB1D5021F6FBB9F001244B3 /* DocumentBrowserViewController.swift */ = {isa = PBXFileReference; lastKnownFileType = sourcecode.swift; path = DocumentBrowserViewController.swift; sourceTree = "<group>"; };
		3AB1D5041F6FBB9F001244B3 /* DocumentViewController.swift */ = {isa = PBXFileReference; lastKnownFileType = sourcecode.swift; path = DocumentViewController.swift; sourceTree = "<group>"; };
		3AB1D5061F6FBB9F001244B3 /* Document.swift */ = {isa = PBXFileReference; lastKnownFileType = sourcecode.swift; path = Document.swift; sourceTree = "<group>"; };
		3AB1D5091F6FBB9F001244B3 /* Base */ = {isa = PBXFileReference; lastKnownFileType = file.storyboard; name = Base; path = Base.lproj/Main.storyboard; sourceTree = "<group>"; };
		3AB1D50B1F6FBB9F001244B3 /* Assets.xcassets */ = {isa = PBXFileReference; lastKnownFileType = folder.assetcatalog; path = Assets.xcassets; sourceTree = "<group>"; };
		3AB1D50E1F6FBB9F001244B3 /* Base */ = {isa = PBXFileReference; lastKnownFileType = file.storyboard; name = Base; path = Base.lproj/LaunchScreen.storyboard; sourceTree = "<group>"; };
		3AB1D5101F6FBB9F001244B3 /* Info.plist */ = {isa = PBXFileReference; lastKnownFileType = text.plist.xml; path = Info.plist; sourceTree = "<group>"; };
		3AB1D5151F6FBB9F001244B3 /* Doc-BasedAppDemoTests.xctest */ = {isa = PBXFileReference; explicitFileType = wrapper.cfbundle; includeInIndex = 0; path = "Doc-BasedAppDemoTests.xctest"; sourceTree = BUILT_PRODUCTS_DIR; };
		3AB1D5191F6FBB9F001244B3 /* Doc_BasedAppDemoTests.swift */ = {isa = PBXFileReference; lastKnownFileType = sourcecode.swift; path = Doc_BasedAppDemoTests.swift; sourceTree = "<group>"; };
		3AB1D51B1F6FBB9F001244B3 /* Info.plist */ = {isa = PBXFileReference; lastKnownFileType = text.plist.xml; path = Info.plist; sourceTree = "<group>"; };
/* End PBXFileReference section */

/* Begin PBXFrameworksBuildPhase section */
		3AB1D4FA1F6FBB9E001244B3 /* Frameworks */ = {
			isa = PBXFrameworksBuildPhase;
			buildActionMask = 2147483647;
			files = (
			);
			runOnlyForDeploymentPostprocessing = 0;
		};
		3AB1D5121F6FBB9F001244B3 /* Frameworks */ = {
			isa = PBXFrameworksBuildPhase;
			buildActionMask = 2147483647;
			files = (
			);
			runOnlyForDeploymentPostprocessing = 0;
		};
/* End PBXFrameworksBuildPhase section */

/* Begin PBXGroup section */
		3AB1D4F41F6FBB9E001244B3 = {
			isa = PBXGroup;
			children = (
				3AB1D4FF1F6FBB9E001244B3 /* Doc-BasedAppDemo */,
				3AB1D5181F6FBB9F001244B3 /* Doc-BasedAppDemoTests */,
				3AB1D4FE1F6FBB9E001244B3 /* Products */,
			);
			sourceTree = "<group>";
		};
		3AB1D4FE1F6FBB9E001244B3 /* Products */ = {
			isa = PBXGroup;
			children = (
				3AB1D4FD1F6FBB9E001244B3 /* Doc-BasedAppDemo.app */,
				3AB1D5151F6FBB9F001244B3 /* Doc-BasedAppDemoTests.xctest */,
			);
			name = Products;
			sourceTree = "<group>";
		};
		3AB1D4FF1F6FBB9E001244B3 /* Doc-BasedAppDemo */ = {
			isa = PBXGroup;
			children = (
				3AB1D5001F6FBB9F001244B3 /* AppDelegate.swift */,
				3AB1D5021F6FBB9F001244B3 /* DocumentBrowserViewController.swift */,
				3AB1D5041F6FBB9F001244B3 /* DocumentViewController.swift */,
				3AB1D5061F6FBB9F001244B3 /* Document.swift */,
				3AB1D5081F6FBB9F001244B3 /* Main.storyboard */,
				3AB1D50B1F6FBB9F001244B3 /* Assets.xcassets */,
				3AB1D50D1F6FBB9F001244B3 /* LaunchScreen.storyboard */,
				3AB1D5101F6FBB9F001244B3 /* Info.plist */,
			);
			path = "Doc-BasedAppDemo";
			sourceTree = "<group>";
		};
		3AB1D5181F6FBB9F001244B3 /* Doc-BasedAppDemoTests */ = {
			isa = PBXGroup;
			children = (
				3AB1D5191F6FBB9F001244B3 /* Doc_BasedAppDemoTests.swift */,
				3AB1D51B1F6FBB9F001244B3 /* Info.plist */,
			);
			path = "Doc-BasedAppDemoTests";
			sourceTree = "<group>";
		};
/* End PBXGroup section */

/* Begin PBXNativeTarget section */
		3AB1D4FC1F6FBB9E001244B3 /* Doc-BasedAppDemo */ = {
			isa = PBXNativeTarget;
			buildConfigurationList = 3AB1D51E1F6FBB9F001244B3 /* Build configuration list for PBXNativeTarget "Doc-BasedAppDemo" */;
			buildPhases = (
				3AB1D4F91F6FBB9E001244B3 /* Sources */,
				3AB1D4FA1F6FBB9E001244B3 /* Frameworks */,
				3AB1D4FB1F6FBB9E001244B3 /* Resources */,
			);
			buildRules = (
			);
			dependencies = (
			);
			name = "Doc-BasedAppDemo";
			productName = "Doc-BasedAppDemo";
			productReference = 3AB1D4FD1F6FBB9E001244B3 /* Doc-BasedAppDemo.app */;
			productType = "com.apple.product-type.application";
		};
		3AB1D5141F6FBB9F001244B3 /* Doc-BasedAppDemoTests */ = {
			isa = PBXNativeTarget;
			buildConfigurationList = 3AB1D5211F6FBB9F001244B3 /* Build configuration list for PBXNativeTarget "Doc-BasedAppDemoTests" */;
			buildPhases = (
				3AB1D5111F6FBB9F001244B3 /* Sources */,
				3AB1D5121F6FBB9F001244B3 /* Frameworks */,
				3AB1D5131F6FBB9F001244B3 /* Resources */,
			);
			buildRules = (
			);
			dependencies = (
				3AB1D5171F6FBB9F001244B3 /* PBXTargetDependency */,
			);
			name = "Doc-BasedAppDemoTests";
			productName = "Doc-BasedAppDemoTests";
			productReference = 3AB1D5151F6FBB9F001244B3 /* Doc-BasedAppDemoTests.xctest */;
			productType = "com.apple.product-type.bundle.unit-test";
		};
/* End PBXNativeTarget section */

/* Begin PBXProject section */
		3AB1D4F51F6FBB9E001244B3 /* Project object */ = {
			isa = PBXProject;
			attributes = {
				LastSwiftUpdateCheck = 0900;
				LastUpgradeCheck = 0900;
				ORGANIZATIONNAME = zzkj;
				TargetAttributes = {
					3AB1D4FC1F6FBB9E001244B3 = {
						CreatedOnToolsVersion = 9.0;
						ProvisioningStyle = Automatic;
					};
					3AB1D5141F6FBB9F001244B3 = {
						CreatedOnToolsVersion = 9.0;
						ProvisioningStyle = Automatic;
						TestTargetID = 3AB1D4FC1F6FBB9E001244B3;
					};
				};
			};
			buildConfigurationList = 3AB1D4F81F6FBB9E001244B3 /* Build configuration list for PBXProject "Doc-BasedAppDemo" */;
			compatibilityVersion = "Xcode 8.0";
			developmentRegion = en;
			hasScannedForEncodings = 0;
			knownRegions = (
				en,
				Base,
			);
			mainGroup = 3AB1D4F41F6FBB9E001244B3;
			productRefGroup = 3AB1D4FE1F6FBB9E001244B3 /* Products */;
			projectDirPath = "";
			projectRoot = "";
			targets = (
				3AB1D4FC1F6FBB9E001244B3 /* Doc-BasedAppDemo */,
				3AB1D5141F6FBB9F001244B3 /* Doc-BasedAppDemoTests */,
			);
		};
/* End PBXProject section */

/* Begin PBXResourcesBuildPhase section */
		3AB1D4FB1F6FBB9E001244B3 /* Resources */ = {
			isa = PBXResourcesBuildPhase;
			buildActionMask = 2147483647;
			files = (
				3AB1D50F1F6FBB9F001244B3 /* LaunchScreen.storyboard in Resources */,
				3AB1D50C1F6FBB9F001244B3 /* Assets.xcassets in Resources */,
				3AB1D50A1F6FBB9F001244B3 /* Main.storyboard in Resources */,
			);
			runOnlyForDeploymentPostprocessing = 0;
		};
		3AB1D5131F6FBB9F001244B3 /* Resources */ = {
			isa = PBXResourcesBuildPhase;
			buildActionMask = 2147483647;
			files = (
			);
			runOnlyForDeploymentPostprocessing = 0;
		};
/* End PBXResourcesBuildPhase section */

/* Begin PBXSourcesBuildPhase section */
		3AB1D4F91F6FBB9E001244B3 /* Sources */ = {
			isa = PBXSourcesBuildPhase;
			buildActionMask = 2147483647;
			files = (
				3AB1D5071F6FBB9F001244B3 /* Document.swift in Sources */,
				3AB1D5051F6FBB9F001244B3 /* DocumentViewController.swift in Sources */,
				3AB1D5031F6FBB9F001244B3 /* DocumentBrowserViewController.swift in Sources */,
				3AB1D5011F6FBB9F001244B3 /* AppDelegate.swift in Sources */,
			);
			runOnlyForDeploymentPostprocessing = 0;
		};
		3AB1D5111F6FBB9F001244B3 /* Sources */ = {
			isa = PBXSourcesBuildPhase;
			buildActionMask = 2147483647;
			files = (
				3AB1D51A1F6FBB9F001244B3 /* Doc_BasedAppDemoTests.swift in Sources */,
			);
			runOnlyForDeploymentPostprocessing = 0;
		};
/* End PBXSourcesBuildPhase section */

/* Begin PBXTargetDependency section */
		3AB1D5171F6FBB9F001244B3 /* PBXTargetDependency */ = {
			isa = PBXTargetDependency;
			target = 3AB1D4FC1F6FBB9E001244B3 /* Doc-BasedAppDemo */;
			targetProxy = 3AB1D5161F6FBB9F001244B3 /* PBXContainerItemProxy */;
		};
/* End PBXTargetDependency section */

/* Begin PBXVariantGroup section */
		3AB1D5081F6FBB9F001244B3 /* Main.storyboard */ = {
			isa = PBXVariantGroup;
			children = (
				3AB1D5091F6FBB9F001244B3 /* Base */,
			);
			name = Main.storyboard;
			sourceTree = "<group>";
		};
		3AB1D50D1F6FBB9F001244B3 /* LaunchScreen.storyboard */ = {
			isa = PBXVariantGroup;
			children = (
				3AB1D50E1F6FBB9F001244B3 /* Base */,
			);
			name = LaunchScreen.storyboard;
			sourceTree = "<group>";
		};
/* End PBXVariantGroup section */

/* Begin XCBuildConfiguration section */
		3AB1D51C1F6FBB9F001244B3 /* Debug */ = {
			isa = XCBuildConfiguration;
			buildSettings = {
				ALWAYS_SEARCH_USER_PATHS = NO;
				CLANG_ANALYZER_NONNULL = YES;
				CLANG_ANALYZER_NUMBER_OBJECT_CONVERSION = YES_AGGRESSIVE;
				CLANG_CXX_LANGUAGE_STANDARD = "gnu++14";
				CLANG_CXX_LIBRARY = "libc++";
				CLANG_ENABLE_MODULES = YES;
				CLANG_ENABLE_OBJC_ARC = YES;
				CLANG_WARN_BLOCK_CAPTURE_AUTORELEASING = YES;
				CLANG_WARN_BOOL_CONVERSION = YES;
				CLANG_WARN_COMMA = YES;
				CLANG_WARN_CONSTANT_CONVERSION = YES;
				CLANG_WARN_DIRECT_OBJC_ISA_USAGE = YES_ERROR;
				CLANG_WARN_DOCUMENTATION_COMMENTS = YES;
				CLANG_WARN_EMPTY_BODY = YES;
				CLANG_WARN_ENUM_CONVERSION = YES;
				CLANG_WARN_INFINITE_RECURSION = YES;
				CLANG_WARN_INT_CONVERSION = YES;
				CLANG_WARN_NON_LITERAL_NULL_CONVERSION = YES;
				CLANG_WARN_OBJC_LITERAL_CONVERSION = YES;
				CLANG_WARN_OBJC_ROOT_CLASS = YES_ERROR;
				CLANG_WARN_RANGE_LOOP_ANALYSIS = YES;
				CLANG_WARN_STRICT_PROTOTYPES = YES;
				CLANG_WARN_SUSPICIOUS_MOVE = YES;
				CLANG_WARN_UNGUARDED_AVAILABILITY = YES_AGGRESSIVE;
				CLANG_WARN_UNREACHABLE_CODE = YES;
				CLANG_WARN__DUPLICATE_METHOD_MATCH = YES;
				CODE_SIGN_IDENTITY = "iPhone Developer";
				COPY_PHASE_STRIP = NO;
				DEBUG_INFORMATION_FORMAT = dwarf;
				ENABLE_STRICT_OBJC_MSGSEND = YES;
				ENABLE_TESTABILITY = YES;
				GCC_C_LANGUAGE_STANDARD = gnu11;
				GCC_DYNAMIC_NO_PIC = NO;
				GCC_NO_COMMON_BLOCKS = YES;
				GCC_OPTIMIZATION_LEVEL = 0;
				GCC_PREPROCESSOR_DEFINITIONS = (
					"DEBUG=1",
					"$(inherited)",
				);
				GCC_WARN_64_TO_32_BIT_CONVERSION = YES;
				GCC_WARN_ABOUT_RETURN_TYPE = YES_ERROR;
				GCC_WARN_UNDECLARED_SELECTOR = YES;
				GCC_WARN_UNINITIALIZED_AUTOS = YES_AGGRESSIVE;
				GCC_WARN_UNUSED_FUNCTION = YES;
				GCC_WARN_UNUSED_VARIABLE = YES;
				IPHONEOS_DEPLOYMENT_TARGET = 11.0;
				MTL_ENABLE_DEBUG_INFO = YES;
				ONLY_ACTIVE_ARCH = YES;
				SDKROOT = iphoneos;
				SWIFT_ACTIVE_COMPILATION_CONDITIONS = DEBUG;
				SWIFT_OPTIMIZATION_LEVEL = "-Onone";
			};
			name = Debug;
		};
		3AB1D51D1F6FBB9F001244B3 /* Release */ = {
			isa = XCBuildConfiguration;
			buildSettings = {
				ALWAYS_SEARCH_USER_PATHS = NO;
				CLANG_ANALYZER_NONNULL = YES;
				CLANG_ANALYZER_NUMBER_OBJECT_CONVERSION = YES_AGGRESSIVE;
				CLANG_CXX_LANGUAGE_STANDARD = "gnu++14";
				CLANG_CXX_LIBRARY = "libc++";
				CLANG_ENABLE_MODULES = YES;
				CLANG_ENABLE_OBJC_ARC = YES;
				CLANG_WARN_BLOCK_CAPTURE_AUTORELEASING = YES;
				CLANG_WARN_BOOL_CONVERSION = YES;
				CLANG_WARN_COMMA = YES;
				CLANG_WARN_CONSTANT_CONVERSION = YES;
				CLANG_WARN_DIRECT_OBJC_ISA_USAGE = YES_ERROR;
				CLANG_WARN_DOCUMENTATION_COMMENTS = YES;
				CLANG_WARN_EMPTY_BODY = YES;
				CLANG_WARN_ENUM_CONVERSION = YES;
				CLANG_WARN_INFINITE_RECURSION = YES;
				CLANG_WARN_INT_CONVERSION = YES;
				CLANG_WARN_NON_LITERAL_NULL_CONVERSION = YES;
				CLANG_WARN_OBJC_LITERAL_CONVERSION = YES;
				CLANG_WARN_OBJC_ROOT_CLASS = YES_ERROR;
				CLANG_WARN_RANGE_LOOP_ANALYSIS = YES;
				CLANG_WARN_STRICT_PROTOTYPES = YES;
				CLANG_WARN_SUSPICIOUS_MOVE = YES;
				CLANG_WARN_UNGUARDED_AVAILABILITY = YES_AGGRESSIVE;
				CLANG_WARN_UNREACHABLE_CODE = YES;
				CLANG_WARN__DUPLICATE_METHOD_MATCH = YES;
				CODE_SIGN_IDENTITY = "iPhone Developer";
				COPY_PHASE_STRIP = NO;
				DEBUG_INFORMATION_FORMAT = "dwarf-with-dsym";
				ENABLE_NS_ASSERTIONS = NO;
				ENABLE_STRICT_OBJC_MSGSEND = YES;
				GCC_C_LANGUAGE_STANDARD = gnu11;
				GCC_NO_COMMON_BLOCKS = YES;
				GCC_WARN_64_TO_32_BIT_CONVERSION = YES;
				GCC_WARN_ABOUT_RETURN_TYPE = YES_ERROR;
				GCC_WARN_UNDECLARED_SELECTOR = YES;
				GCC_WARN_UNINITIALIZED_AUTOS = YES_AGGRESSIVE;
				GCC_WARN_UNUSED_FUNCTION = YES;
				GCC_WARN_UNUSED_VARIABLE = YES;
				IPHONEOS_DEPLOYMENT_TARGET = 11.0;
				MTL_ENABLE_DEBUG_INFO = NO;
				SDKROOT = iphoneos;
				SWIFT_OPTIMIZATION_LEVEL = "-Owholemodule";
				VALIDATE_PRODUCT = YES;
			};
			name = Release;
		};
		3AB1D51F1F6FBB9F001244B3 /* Debug */ = {
			isa = XCBuildConfiguration;
			buildSettings = {
				ASSETCATALOG_COMPILER_APPICON_NAME = AppIcon;
				CODE_SIGN_STYLE = Automatic;
				DEVELOPMENT_TEAM = YD6H32NYXJ;
				INFOPLIST_FILE = "Doc-BasedAppDemo/Info.plist";
				IPHONEOS_DEPLOYMENT_TARGET = 11.0;
				LD_RUNPATH_SEARCH_PATHS = "$(inherited) @executable_path/Frameworks";
				PRODUCT_BUNDLE_IDENTIFIER = "lesta.Doc-BasedAppDemo";
				PRODUCT_NAME = "$(TARGET_NAME)";
				SWIFT_VERSION = 4.0;
				TARGETED_DEVICE_FAMILY = "1,2";
			};
			name = Debug;
		};
		3AB1D5201F6FBB9F001244B3 /* Release */ = {
			isa = XCBuildConfiguration;
			buildSettings = {
				ASSETCATALOG_COMPILER_APPICON_NAME = AppIcon;
				CODE_SIGN_STYLE = Automatic;
				DEVELOPMENT_TEAM = YD6H32NYXJ;
				INFOPLIST_FILE = "Doc-BasedAppDemo/Info.plist";
				IPHONEOS_DEPLOYMENT_TARGET = 11.0;
				LD_RUNPATH_SEARCH_PATHS = "$(inherited) @executable_path/Frameworks";
				PRODUCT_BUNDLE_IDENTIFIER = "lesta.Doc-BasedAppDemo";
				PRODUCT_NAME = "$(TARGET_NAME)";
				SWIFT_VERSION = 4.0;
				TARGETED_DEVICE_FAMILY = "1,2";
			};
			name = Release;
		};
		3AB1D5221F6FBB9F001244B3 /* Debug */ = {
			isa = XCBuildConfiguration;
			buildSettings = {
				ALWAYS_EMBED_SWIFT_STANDARD_LIBRARIES = YES;
				BUNDLE_LOADER = "$(TEST_HOST)";
				CODE_SIGN_STYLE = Automatic;
				DEVELOPMENT_TEAM = YD6H32NYXJ;
				INFOPLIST_FILE = "Doc-BasedAppDemoTests/Info.plist";
				LD_RUNPATH_SEARCH_PATHS = "$(inherited) @executable_path/Frameworks @loader_path/Frameworks";
				PRODUCT_BUNDLE_IDENTIFIER = "lesta.Doc-BasedAppDemoTests";
				PRODUCT_NAME = "$(TARGET_NAME)";
				SWIFT_VERSION = 4.0;
				TARGETED_DEVICE_FAMILY = "1,2";
				TEST_HOST = "$(BUILT_PRODUCTS_DIR)/Doc-BasedAppDemo.app/Doc-BasedAppDemo";
			};
			name = Debug;
		};
		3AB1D5231F6FBB9F001244B3 /* Release */ = {
			isa = XCBuildConfiguration;
			buildSettings = {
				ALWAYS_EMBED_SWIFT_STANDARD_LIBRARIES = YES;
				BUNDLE_LOADER = "$(TEST_HOST)";
				CODE_SIGN_STYLE = Automatic;
				DEVELOPMENT_TEAM = YD6H32NYXJ;
				INFOPLIST_FILE = "Doc-BasedAppDemoTests/Info.plist";
				LD_RUNPATH_SEARCH_PATHS = "$(inherited) @executable_path/Frameworks @loader_path/Frameworks";
				PRODUCT_BUNDLE_IDENTIFIER = "lesta.Doc-BasedAppDemoTests";
				PRODUCT_NAME = "$(TARGET_NAME)";
				SWIFT_VERSION = 4.0;
				TARGETED_DEVICE_FAMILY = "1,2";
				TEST_HOST = "$(BUILT_PRODUCTS_DIR)/Doc-BasedAppDemo.app/Doc-BasedAppDemo";
			};
			name = Release;
		};
/* End XCBuildConfiguration section */

/* Begin XCConfigurationList section */
		3AB1D4F81F6FBB9E001244B3 /* Build configuration list for PBXProject "Doc-BasedAppDemo" */ = {
			isa = XCConfigurationList;
			buildConfigurations = (
				3AB1D51C1F6FBB9F001244B3 /* Debug */,
				3AB1D51D1F6FBB9F001244B3 /* Release */,
			);
			defaultConfigurationIsVisible = 0;
			defaultConfigurationName = Release;
		};
		3AB1D51E1F6FBB9F001244B3 /* Build configuration list for PBXNativeTarget "Doc-BasedAppDemo" */ = {
			isa = XCConfigurationList;
			buildConfigurations = (
				3AB1D51F1F6FBB9F001244B3 /* Debug */,
				3AB1D5201F6FBB9F001244B3 /* Release */,
			);
			defaultConfigurationIsVisible = 0;
			defaultConfigurationName = Release;
		};
		3AB1D5211F6FBB9F001244B3 /* Build configuration list for PBXNativeTarget "Doc-BasedAppDemoTests" */ = {
			isa = XCConfigurationList;
			buildConfigurations = (
				3AB1D5221F6FBB9F001244B3 /* Debug */,
				3AB1D5231F6FBB9F001244B3 /* Release */,
			);
			defaultConfigurationIsVisible = 0;
			defaultConfigurationName = Release;
		};
/* End XCConfigurationList section */
	};
	rootObject = 3AB1D4F51F6FBB9E001244B3 /* Project object */;
}
