// !$*UTF8*$!
{
	archiveVersion = 1;
	classes = {
	};
	objectVersion = 46;
	objects = {

/* Begin PBXBuildFile section */
		3A4AC1001ECD97DE008C31AC /* AppDelegate.swift in Sources */ = {isa = PBXBuildFile; fileRef = 3A4AC0FF1ECD97DE008C31AC /* AppDelegate.swift */; };
		3A4AC1021ECD97DE008C31AC /* ViewController.swift in Sources */ = {isa = PBXBuildFile; fileRef = 3A4AC1011ECD97DE008C31AC /* ViewController.swift */; };
		3A4AC1051ECD97DE008C31AC /* Main.storyboard in Resources */ = {isa = PBXBuildFile; fileRef = 3A4AC1031ECD97DE008C31AC /* Main.storyboard */; };
		3A4AC1071ECD97DE008C31AC /* Assets.xcassets in Resources */ = {isa = PBXBuildFile; fileRef = 3A4AC1061ECD97DE008C31AC /* Assets.xcassets */; };
		3A4AC10A1ECD97DE008C31AC /* LaunchScreen.storyboard in Resources */ = {isa = PBXBuildFile; fileRef = 3A4AC1081ECD97DE008C31AC /* LaunchScreen.storyboard */; };
		3A65466D1ECEDC2E005CE7BC /* InfoPlist.strings in Resources */ = {isa = PBXBuildFile; fileRef = 3A65466F1ECEDC2E005CE7BC /* InfoPlist.strings */; };
		3A6546721ECEDC2F005CE7BC /* Localizable.strings in Resources */ = {isa = PBXBuildFile; fileRef = 3A6546741ECEDC2F005CE7BC /* Localizable.strings */; };
		3A65467A1ECEE0BD005CE7BC /* Default-568h@2x.png in Resources */ = {isa = PBXBuildFile; fileRef = 3A6546791ECEE0BD005CE7BC /* Default-568h@2x.png */; };
		3AFC94D41ECEEC670020EDD4 /* Info.plist in Resources */ = {isa = PBXBuildFile; fileRef = 3AFC94D01ECEE7FA0020EDD4 /* Info.plist */; };
/* End PBXBuildFile section */

/* Begin PBXFileReference section */
		3A4AC0FC1ECD97DD008C31AC /* InternationalizationandLocalizationDemo.app */ = {isa = PBXFileReference; explicitFileType = wrapper.application; includeInIndex = 0; path = InternationalizationandLocalizationDemo.app; sourceTree = BUILT_PRODUCTS_DIR; };
		3A4AC0FF1ECD97DE008C31AC /* AppDelegate.swift */ = {isa = PBXFileReference; lastKnownFileType = sourcecode.swift; path = AppDelegate.swift; sourceTree = "<group>"; };
		3A4AC1011ECD97DE008C31AC /* ViewController.swift */ = {isa = PBXFileReference; lastKnownFileType = sourcecode.swift; path = ViewController.swift; sourceTree = "<group>"; };
		3A4AC1041ECD97DE008C31AC /* Base */ = {isa = PBXFileReference; lastKnownFileType = file.storyboard; name = Base; path = Base.lproj/Main.storyboard; sourceTree = "<group>"; };
		3A4AC1061ECD97DE008C31AC /* Assets.xcassets */ = {isa = PBXFileReference; lastKnownFileType = folder.assetcatalog; path = Assets.xcassets; sourceTree = "<group>"; };
		3A4AC1091ECD97DE008C31AC /* Base */ = {isa = PBXFileReference; lastKnownFileType = file.storyboard; name = Base; path = Base.lproj/LaunchScreen.storyboard; sourceTree = "<group>"; };
		3A6546641ECED7B8005CE7BC /* zh-Hans */ = {isa = PBXFileReference; lastKnownFileType = text.plist.strings; name = "zh-Hans"; path = "zh-Hans.lproj/Main.strings"; sourceTree = "<group>"; };
		3A6546651ECED7B8005CE7BC /* zh-Hans */ = {isa = PBXFileReference; lastKnownFileType = text.plist.strings; name = "zh-Hans"; path = "zh-Hans.lproj/LaunchScreen.strings"; sourceTree = "<group>"; };
		3A65466E1ECEDC2E005CE7BC /* zh-Hans */ = {isa = PBXFileReference; lastKnownFileType = text.plist.strings; name = "zh-Hans"; path = "zh-Hans.lproj/InfoPlist.strings"; sourceTree = "<group>"; };
		3A6546731ECEDC2F005CE7BC /* zh-Hans */ = {isa = PBXFileReference; lastKnownFileType = text.plist.strings; name = "zh-Hans"; path = "zh-Hans.lproj/Localizable.strings"; sourceTree = "<group>"; };
		3A6546791ECEE0BD005CE7BC /* Default-568h@2x.png */ = {isa = PBXFileReference; lastKnownFileType = image.png; path = "Default-568h@2x.png"; sourceTree = "<group>"; };
		3AFC94D11ECEE7FA0020EDD4 /* Base */ = {isa = PBXFileReference; lastKnownFileType = text.plist.xml; name = Base; path = Base.lproj/Info.plist; sourceTree = "<group>"; };
		3AFC94D31ECEEAFB0020EDD4 /* zh-Hans */ = {isa = PBXFileReference; lastKnownFileType = text.plist.xml; name = "zh-Hans"; path = "zh-Hans.lproj/Info.plist"; sourceTree = "<group>"; };
/* End PBXFileReference section */

/* Begin PBXFrameworksBuildPhase section */
		3A4AC0F91ECD97DD008C31AC /* Frameworks */ = {
			isa = PBXFrameworksBuildPhase;
			buildActionMask = 2147483647;
			files = (
			);
			runOnlyForDeploymentPostprocessing = 0;
		};
/* End PBXFrameworksBuildPhase section */

/* Begin PBXGroup section */
		3A4AC0F31ECD97DD008C31AC = {
			isa = PBXGroup;
			children = (
				3A6546791ECEE0BD005CE7BC /* Default-568h@2x.png */,
				3A4AC0FE1ECD97DE008C31AC /* InternationalizationandLocalizationDemo */,
				3A4AC0FD1ECD97DD008C31AC /* Products */,
			);
			sourceTree = "<group>";
		};
		3A4AC0FD1ECD97DD008C31AC /* Products */ = {
			isa = PBXGroup;
			children = (
				3A4AC0FC1ECD97DD008C31AC /* InternationalizationandLocalizationDemo.app */,
			);
			name = Products;
			sourceTree = "<group>";
		};
		3A4AC0FE1ECD97DE008C31AC /* InternationalizationandLocalizationDemo */ = {
			isa = PBXGroup;
			children = (
				3A6546741ECEDC2F005CE7BC /* Localizable.strings */,
				3A65466F1ECEDC2E005CE7BC /* InfoPlist.strings */,
				3A4AC0FF1ECD97DE008C31AC /* AppDelegate.swift */,
				3A4AC1011ECD97DE008C31AC /* ViewController.swift */,
				3A4AC1031ECD97DE008C31AC /* Main.storyboard */,
				3A4AC1061ECD97DE008C31AC /* Assets.xcassets */,
				3A4AC1081ECD97DE008C31AC /* LaunchScreen.storyboard */,
				3AFC94D01ECEE7FA0020EDD4 /* Info.plist */,
			);
			path = InternationalizationandLocalizationDemo;
			sourceTree = "<group>";
		};
/* End PBXGroup section */

/* Begin PBXNativeTarget section */
		3A4AC0FB1ECD97DD008C31AC /* InternationalizationandLocalizationDemo */ = {
			isa = PBXNativeTarget;
			buildConfigurationList = 3A4AC1191ECD97DE008C31AC /* Build configuration list for PBXNativeTarget "InternationalizationandLocalizationDemo" */;
			buildPhases = (
				3A4AC0F81ECD97DD008C31AC /* Sources */,
				3A4AC0F91ECD97DD008C31AC /* Frameworks */,
				3A4AC0FA1ECD97DD008C31AC /* Resources */,
			);
			buildRules = (
			);
			dependencies = (
			);
			name = InternationalizationandLocalizationDemo;
			productName = InternationalizationandLocalizationDemo;
			productReference = 3A4AC0FC1ECD97DD008C31AC /* InternationalizationandLocalizationDemo.app */;
			productType = "com.apple.product-type.application";
		};
/* End PBXNativeTarget section */

/* Begin PBXProject section */
		3A4AC0F41ECD97DD008C31AC /* Project object */ = {
			isa = PBXProject;
			attributes = {
				LastSwiftUpdateCheck = 0830;
				LastUpgradeCheck = 0830;
				ORGANIZATIONNAME = zzkj;
				TargetAttributes = {
					3A4AC0FB1ECD97DD008C31AC = {
						CreatedOnToolsVersion = 8.3.2;
						DevelopmentTeam = 6Q7KARRKGM;
						ProvisioningStyle = Automatic;
					};
				};
			};
			buildConfigurationList = 3A4AC0F71ECD97DD008C31AC /* Build configuration list for PBXProject "InternationalizationandLocalizationDemo" */;
			compatibilityVersion = "Xcode 3.2";
			developmentRegion = English;
			hasScannedForEncodings = 0;
			knownRegions = (
				en,
				Base,
				"zh-Hans",
			);
			mainGroup = 3A4AC0F31ECD97DD008C31AC;
			productRefGroup = 3A4AC0FD1ECD97DD008C31AC /* Products */;
			projectDirPath = "";
			projectRoot = "";
			targets = (
				3A4AC0FB1ECD97DD008C31AC /* InternationalizationandLocalizationDemo */,
			);
		};
/* End PBXProject section */

/* Begin PBXResourcesBuildPhase section */
		3A4AC0FA1ECD97DD008C31AC /* Resources */ = {
			isa = PBXResourcesBuildPhase;
			buildActionMask = 2147483647;
			files = (
				3A6546721ECEDC2F005CE7BC /* Localizable.strings in Resources */,
				3A4AC10A1ECD97DE008C31AC /* LaunchScreen.storyboard in Resources */,
				3A65466D1ECEDC2E005CE7BC /* InfoPlist.strings in Resources */,
				3A4AC1071ECD97DE008C31AC /* Assets.xcassets in Resources */,
				3A4AC1051ECD97DE008C31AC /* Main.storyboard in Resources */,
				3A65467A1ECEE0BD005CE7BC /* Default-568h@2x.png in Resources */,
				3AFC94D41ECEEC670020EDD4 /* Info.plist in Resources */,
			);
			runOnlyForDeploymentPostprocessing = 0;
		};
/* End PBXResourcesBuildPhase section */

/* Begin PBXSourcesBuildPhase section */
		3A4AC0F81ECD97DD008C31AC /* Sources */ = {
			isa = PBXSourcesBuildPhase;
			buildActionMask = 2147483647;
			files = (
				3A4AC1021ECD97DE008C31AC /* ViewController.swift in Sources */,
				3A4AC1001ECD97DE008C31AC /* AppDelegate.swift in Sources */,
			);
			runOnlyForDeploymentPostprocessing = 0;
		};
/* End PBXSourcesBuildPhase section */

/* Begin PBXVariantGroup section */
		3A4AC1031ECD97DE008C31AC /* Main.storyboard */ = {
			isa = PBXVariantGroup;
			children = (
				3A4AC1041ECD97DE008C31AC /* Base */,
				3A6546641ECED7B8005CE7BC /* zh-Hans */,
			);
			name = Main.storyboard;
			sourceTree = "<group>";
		};
		3A4AC1081ECD97DE008C31AC /* LaunchScreen.storyboard */ = {
			isa = PBXVariantGroup;
			children = (
				3A4AC1091ECD97DE008C31AC /* Base */,
				3A6546651ECED7B8005CE7BC /* zh-Hans */,
			);
			name = LaunchScreen.storyboard;
			sourceTree = "<group>";
		};
		3A65466F1ECEDC2E005CE7BC /* InfoPlist.strings */ = {
			isa = PBXVariantGroup;
			children = (
				3A65466E1ECEDC2E005CE7BC /* zh-Hans */,
			);
			name = InfoPlist.strings;
			sourceTree = "<group>";
		};
		3A6546741ECEDC2F005CE7BC /* Localizable.strings */ = {
			isa = PBXVariantGroup;
			children = (
				3A6546731ECEDC2F005CE7BC /* zh-Hans */,
			);
			name = Localizable.strings;
			sourceTree = "<group>";
		};
		3AFC94D01ECEE7FA0020EDD4 /* Info.plist */ = {
			isa = PBXVariantGroup;
			children = (
				3AFC94D11ECEE7FA0020EDD4 /* Base */,
				3AFC94D31ECEEAFB0020EDD4 /* zh-Hans */,
			);
			name = Info.plist;
			sourceTree = "<group>";
		};
/* End PBXVariantGroup section */

/* Begin XCBuildConfiguration section */
		3A4AC1171ECD97DE008C31AC /* Debug */ = {
			isa = XCBuildConfiguration;
			buildSettings = {
				ALWAYS_SEARCH_USER_PATHS = NO;
				CLANG_ANALYZER_LOCALIZABILITY_NONLOCALIZED = YES;
				CLANG_ANALYZER_NONNULL = YES;
				CLANG_ANALYZER_NUMBER_OBJECT_CONVERSION = YES_AGGRESSIVE;
				CLANG_CXX_LANGUAGE_STANDARD = "gnu++0x";
				CLANG_CXX_LIBRARY = "libc++";
				CLANG_ENABLE_MODULES = YES;
				CLANG_ENABLE_OBJC_ARC = YES;
				CLANG_WARN_BOOL_CONVERSION = YES;
				CLANG_WARN_CONSTANT_CONVERSION = YES;
				CLANG_WARN_DIRECT_OBJC_ISA_USAGE = YES_ERROR;
				CLANG_WARN_DOCUMENTATION_COMMENTS = YES;
				CLANG_WARN_EMPTY_BODY = YES;
				CLANG_WARN_ENUM_CONVERSION = YES;
				CLANG_WARN_INFINITE_RECURSION = YES;
				CLANG_WARN_INT_CONVERSION = YES;
				CLANG_WARN_OBJC_ROOT_CLASS = YES_ERROR;
				CLANG_WARN_SUSPICIOUS_MOVE = YES;
				CLANG_WARN_UNREACHABLE_CODE = YES;
				CLANG_WARN__DUPLICATE_METHOD_MATCH = YES;
				"CODE_SIGN_IDENTITY[sdk=iphoneos*]" = "iPhone Developer";
				COPY_PHASE_STRIP = NO;
				DEBUG_INFORMATION_FORMAT = dwarf;
				ENABLE_STRICT_OBJC_MSGSEND = YES;
				ENABLE_TESTABILITY = YES;
				GCC_C_LANGUAGE_STANDARD = gnu99;
				GCC_DYNAMIC_NO_PIC = NO;
				GCC_NO_COMMON_BLOCKS = YES;
				GCC_OPTIMIZATION_LEVEL = 0;
				GCC_PREPROCESSOR_DEFINITIONS = (
					"DEBUG=1",
					"$(inherited)",
				);
				GCC_WARN_64_TO_32_BIT_CONVERSION = YES;
				GCC_WARN_ABOUT_RETURN_TYPE = YES_ERROR;
				GCC_WARN_UNDECLARED_SELECTOR = YES;
				GCC_WARN_UNINITIALIZED_AUTOS = YES_AGGRESSIVE;
				GCC_WARN_UNUSED_FUNCTION = YES;
				GCC_WARN_UNUSED_VARIABLE = YES;
				IPHONEOS_DEPLOYMENT_TARGET = 10.3;
				MTL_ENABLE_DEBUG_INFO = YES;
				ONLY_ACTIVE_ARCH = YES;
				SDKROOT = iphoneos;
				SWIFT_ACTIVE_COMPILATION_CONDITIONS = DEBUG;
				SWIFT_OPTIMIZATION_LEVEL = "-Onone";
				TARGETED_DEVICE_FAMILY = "1,2";
			};
			name = Debug;
		};
		3A4AC1181ECD97DE008C31AC /* Release */ = {
			isa = XCBuildConfiguration;
			buildSettings = {
				ALWAYS_SEARCH_USER_PATHS = NO;
				CLANG_ANALYZER_LOCALIZABILITY_NONLOCALIZED = YES;
				CLANG_ANALYZER_NONNULL = YES;
				CLANG_ANALYZER_NUMBER_OBJECT_CONVERSION = YES_AGGRESSIVE;
				CLANG_CXX_LANGUAGE_STANDARD = "gnu++0x";
				CLANG_CXX_LIBRARY = "libc++";
				CLANG_ENABLE_MODULES = YES;
				CLANG_ENABLE_OBJC_ARC = YES;
				CLANG_WARN_BOOL_CONVERSION = YES;
				CLANG_WARN_CONSTANT_CONVERSION = YES;
				CLANG_WARN_DIRECT_OBJC_ISA_USAGE = YES_ERROR;
				CLANG_WARN_DOCUMENTATION_COMMENTS = YES;
				CLANG_WARN_EMPTY_BODY = YES;
				CLANG_WARN_ENUM_CONVERSION = YES;
				CLANG_WARN_INFINITE_RECURSION = YES;
				CLANG_WARN_INT_CONVERSION = YES;
				CLANG_WARN_OBJC_ROOT_CLASS = YES_ERROR;
				CLANG_WARN_SUSPICIOUS_MOVE = YES;
				CLANG_WARN_UNREACHABLE_CODE = YES;
				CLANG_WARN__DUPLICATE_METHOD_MATCH = YES;
				"CODE_SIGN_IDENTITY[sdk=iphoneos*]" = "iPhone Developer";
				COPY_PHASE_STRIP = NO;
				DEBUG_INFORMATION_FORMAT = "dwarf-with-dsym";
				ENABLE_NS_ASSERTIONS = NO;
				ENABLE_STRICT_OBJC_MSGSEND = YES;
				GCC_C_LANGUAGE_STANDARD = gnu99;
				GCC_NO_COMMON_BLOCKS = YES;
				GCC_WARN_64_TO_32_BIT_CONVERSION = YES;
				GCC_WARN_ABOUT_RETURN_TYPE = YES_ERROR;
				GCC_WARN_UNDECLARED_SELECTOR = YES;
				GCC_WARN_UNINITIALIZED_AUTOS = YES_AGGRESSIVE;
				GCC_WARN_UNUSED_FUNCTION = YES;
				GCC_WARN_UNUSED_VARIABLE = YES;
				IPHONEOS_DEPLOYMENT_TARGET = 10.3;
				MTL_ENABLE_DEBUG_INFO = NO;
				SDKROOT = iphoneos;
				SWIFT_OPTIMIZATION_LEVEL = "-Owholemodule";
				TARGETED_DEVICE_FAMILY = "1,2";
				VALIDATE_PRODUCT = YES;
			};
			name = Release;
		};
		3A4AC11A1ECD97DE008C31AC /* Debug */ = {
			isa = XCBuildConfiguration;
			buildSettings = {
				ASSETCATALOG_COMPILER_APPICON_NAME = AppIcon;
				DEVELOPMENT_TEAM = 6Q7KARRKGM;
				INFOPLIST_FILE = "$(PROJECT_DIR)/InternationalizationandLocalizationDemo/Base.lproj/Info.plist";
				IPHONEOS_DEPLOYMENT_TARGET = 9.3;
				LD_RUNPATH_SEARCH_PATHS = "$(inherited) @executable_path/Frameworks";
				PRODUCT_BUNDLE_IDENTIFIER = shanvoo.InternationalizationandLocalizationDemo;
				PRODUCT_NAME = "$(TARGET_NAME)";
				SWIFT_VERSION = 3.0;
			};
			name = Debug;
		};
		3A4AC11B1ECD97DE008C31AC /* Release */ = {
			isa = XCBuildConfiguration;
			buildSettings = {
				ASSETCATALOG_COMPILER_APPICON_NAME = AppIcon;
				DEVELOPMENT_TEAM = 6Q7KARRKGM;
				INFOPLIST_FILE = "$(PROJECT_DIR)/InternationalizationandLocalizationDemo/Base.lproj/Info.plist";
				IPHONEOS_DEPLOYMENT_TARGET = 9.3;
				LD_RUNPATH_SEARCH_PATHS = "$(inherited) @executable_path/Frameworks";
				PRODUCT_BUNDLE_IDENTIFIER = shanvoo.InternationalizationandLocalizationDemo;
				PRODUCT_NAME = "$(TARGET_NAME)";
				SWIFT_VERSION = 3.0;
			};
			name = Release;
		};
/* End XCBuildConfiguration section */

/* Begin XCConfigurationList section */
		3A4AC0F71ECD97DD008C31AC /* Build configuration list for PBXProject "InternationalizationandLocalizationDemo" */ = {
			isa = XCConfigurationList;
			buildConfigurations = (
				3A4AC1171ECD97DE008C31AC /* Debug */,
				3A4AC1181ECD97DE008C31AC /* Release */,
			);
			defaultConfigurationIsVisible = 0;
			defaultConfigurationName = Release;
		};
		3A4AC1191ECD97DE008C31AC /* Build configuration list for PBXNativeTarget "InternationalizationandLocalizationDemo" */ = {
			isa = XCConfigurationList;
			buildConfigurations = (
				3A4AC11A1ECD97DE008C31AC /* Debug */,
				3A4AC11B1ECD97DE008C31AC /* Release */,
			);
			defaultConfigurationIsVisible = 0;
			defaultConfigurationName = Release;
		};
/* End XCConfigurationList section */
	};
	rootObject = 3A4AC0F41ECD97DD008C31AC /* Project object */;
}
