// !$*UTF8*$!
{
	archiveVersion = 1;
	classes = {
	};
	objectVersion = 46;
	objects = {

/* Begin PBXBuildFile section */
		3A1FB8781E94D22E00E74263 /* BusinessCardTableViewCell.swift in Sources */ = {isa = PBXBuildFile; fileRef = 3A1FB8761E94D22E00E74263 /* BusinessCardTableViewCell.swift */; };
		3A1FB8791E94D22E00E74263 /* BusinessCardTableViewCell.xib in Resources */ = {isa = PBXBuildFile; fileRef = 3A1FB8771E94D22E00E74263 /* BusinessCardTableViewCell.xib */; };
		3A806C2F1E9F213F0048C733 /* TapeCollectionViewCell.swift in Sources */ = {isa = PBXBuildFile; fileRef = 3A806C2E1E9F213F0048C733 /* TapeCollectionViewCell.swift */; };
		3A97428F1E82843800D3201B /* AppDelegate.swift in Sources */ = {isa = PBXBuildFile; fileRef = 3A97428E1E82843800D3201B /* AppDelegate.swift */; };
		3A9742911E82843800D3201B /* ViewController.swift in Sources */ = {isa = PBXBuildFile; fileRef = 3A9742901E82843800D3201B /* ViewController.swift */; };
		3A9742941E82843800D3201B /* Main.storyboard in Resources */ = {isa = PBXBuildFile; fileRef = 3A9742921E82843800D3201B /* Main.storyboard */; };
		3A9742961E82843800D3201B /* Assets.xcassets in Resources */ = {isa = PBXBuildFile; fileRef = 3A9742951E82843800D3201B /* Assets.xcassets */; };
		3A9742991E82843800D3201B /* LaunchScreen.storyboard in Resources */ = {isa = PBXBuildFile; fileRef = 3A9742971E82843800D3201B /* LaunchScreen.storyboard */; };
		3A9958161EA8903600DB0FC6 /* User.swift in Sources */ = {isa = PBXBuildFile; fileRef = 3A9958151EA8903600DB0FC6 /* User.swift */; };
/* End PBXBuildFile section */

/* Begin PBXFileReference section */
		3A1FB8761E94D22E00E74263 /* BusinessCardTableViewCell.swift */ = {isa = PBXFileReference; fileEncoding = 4; lastKnownFileType = sourcecode.swift; path = BusinessCardTableViewCell.swift; sourceTree = "<group>"; };
		3A1FB8771E94D22E00E74263 /* BusinessCardTableViewCell.xib */ = {isa = PBXFileReference; fileEncoding = 4; lastKnownFileType = file.xib; path = BusinessCardTableViewCell.xib; sourceTree = "<group>"; };
		3A806C2C1E9F09C50048C733 /* Header.h */ = {isa = PBXFileReference; lastKnownFileType = sourcecode.c.h; path = Header.h; sourceTree = "<group>"; };
		3A806C2E1E9F213F0048C733 /* TapeCollectionViewCell.swift */ = {isa = PBXFileReference; fileEncoding = 4; lastKnownFileType = sourcecode.swift; path = TapeCollectionViewCell.swift; sourceTree = "<group>"; };
		3A97428B1E82843800D3201B /* CollectionViewDemo.app */ = {isa = PBXFileReference; explicitFileType = wrapper.application; includeInIndex = 0; path = CollectionViewDemo.app; sourceTree = BUILT_PRODUCTS_DIR; };
		3A97428E1E82843800D3201B /* AppDelegate.swift */ = {isa = PBXFileReference; lastKnownFileType = sourcecode.swift; path = AppDelegate.swift; sourceTree = "<group>"; };
		3A9742901E82843800D3201B /* ViewController.swift */ = {isa = PBXFileReference; lastKnownFileType = sourcecode.swift; path = ViewController.swift; sourceTree = "<group>"; };
		3A9742931E82843800D3201B /* Base */ = {isa = PBXFileReference; lastKnownFileType = file.storyboard; name = Base; path = Base.lproj/Main.storyboard; sourceTree = "<group>"; };
		3A9742951E82843800D3201B /* Assets.xcassets */ = {isa = PBXFileReference; lastKnownFileType = folder.assetcatalog; path = Assets.xcassets; sourceTree = "<group>"; };
		3A9742981E82843800D3201B /* Base */ = {isa = PBXFileReference; lastKnownFileType = file.storyboard; name = Base; path = Base.lproj/LaunchScreen.storyboard; sourceTree = "<group>"; };
		3A97429A1E82843800D3201B /* Info.plist */ = {isa = PBXFileReference; lastKnownFileType = text.plist.xml; path = Info.plist; sourceTree = "<group>"; };
		3A9958151EA8903600DB0FC6 /* User.swift */ = {isa = PBXFileReference; fileEncoding = 4; lastKnownFileType = sourcecode.swift; path = User.swift; sourceTree = "<group>"; };
/* End PBXFileReference section */

/* Begin PBXFrameworksBuildPhase section */
		3A9742881E82843800D3201B /* Frameworks */ = {
			isa = PBXFrameworksBuildPhase;
			buildActionMask = 2147483647;
			files = (
			);
			runOnlyForDeploymentPostprocessing = 0;
		};
/* End PBXFrameworksBuildPhase section */

/* Begin PBXGroup section */
		3A9742821E82843800D3201B = {
			isa = PBXGroup;
			children = (
				3A97428D1E82843800D3201B /* CollectionViewDemo */,
				3A97428C1E82843800D3201B /* Products */,
			);
			sourceTree = "<group>";
		};
		3A97428C1E82843800D3201B /* Products */ = {
			isa = PBXGroup;
			children = (
				3A97428B1E82843800D3201B /* CollectionViewDemo.app */,
			);
			name = Products;
			sourceTree = "<group>";
		};
		3A97428D1E82843800D3201B /* CollectionViewDemo */ = {
			isa = PBXGroup;
			children = (
				3A97428E1E82843800D3201B /* AppDelegate.swift */,
				3A806C2C1E9F09C50048C733 /* Header.h */,
				3A9742901E82843800D3201B /* ViewController.swift */,
				3A9958151EA8903600DB0FC6 /* User.swift */,
				3A806C2E1E9F213F0048C733 /* TapeCollectionViewCell.swift */,
				3A1FB8761E94D22E00E74263 /* BusinessCardTableViewCell.swift */,
				3A1FB8771E94D22E00E74263 /* BusinessCardTableViewCell.xib */,
				3A9742921E82843800D3201B /* Main.storyboard */,
				3A9742951E82843800D3201B /* Assets.xcassets */,
				3A9742971E82843800D3201B /* LaunchScreen.storyboard */,
				3A97429A1E82843800D3201B /* Info.plist */,
			);
			path = CollectionViewDemo;
			sourceTree = "<group>";
		};
/* End PBXGroup section */

/* Begin PBXNativeTarget section */
		3A97428A1E82843800D3201B /* CollectionViewDemo */ = {
			isa = PBXNativeTarget;
			buildConfigurationList = 3A97429D1E82843800D3201B /* Build configuration list for PBXNativeTarget "CollectionViewDemo" */;
			buildPhases = (
				3A9742871E82843800D3201B /* Sources */,
				3A9742881E82843800D3201B /* Frameworks */,
				3A9742891E82843800D3201B /* Resources */,
			);
			buildRules = (
			);
			dependencies = (
			);
			name = CollectionViewDemo;
			productName = CollectionViewDemo;
			productReference = 3A97428B1E82843800D3201B /* CollectionViewDemo.app */;
			productType = "com.apple.product-type.application";
		};
/* End PBXNativeTarget section */

/* Begin PBXProject section */
		3A9742831E82843800D3201B /* Project object */ = {
			isa = PBXProject;
			attributes = {
				LastSwiftUpdateCheck = 0820;
				LastUpgradeCheck = 0820;
				ORGANIZATIONNAME = zzkj;
				TargetAttributes = {
					3A97428A1E82843800D3201B = {
						CreatedOnToolsVersion = 8.2.1;
						DevelopmentTeam = 6Q7KARRKGM;
						ProvisioningStyle = Automatic;
					};
				};
			};
			buildConfigurationList = 3A9742861E82843800D3201B /* Build configuration list for PBXProject "CollectionViewDemo" */;
			compatibilityVersion = "Xcode 3.2";
			developmentRegion = English;
			hasScannedForEncodings = 0;
			knownRegions = (
				en,
				Base,
			);
			mainGroup = 3A9742821E82843800D3201B;
			productRefGroup = 3A97428C1E82843800D3201B /* Products */;
			projectDirPath = "";
			projectRoot = "";
			targets = (
				3A97428A1E82843800D3201B /* CollectionViewDemo */,
			);
		};
/* End PBXProject section */

/* Begin PBXResourcesBuildPhase section */
		3A9742891E82843800D3201B /* Resources */ = {
			isa = PBXResourcesBuildPhase;
			buildActionMask = 2147483647;
			files = (
				3A9742991E82843800D3201B /* LaunchScreen.storyboard in Resources */,
				3A9742961E82843800D3201B /* Assets.xcassets in Resources */,
				3A9742941E82843800D3201B /* Main.storyboard in Resources */,
				3A1FB8791E94D22E00E74263 /* BusinessCardTableViewCell.xib in Resources */,
			);
			runOnlyForDeploymentPostprocessing = 0;
		};
/* End PBXResourcesBuildPhase section */

/* Begin PBXSourcesBuildPhase section */
		3A9742871E82843800D3201B /* Sources */ = {
			isa = PBXSourcesBuildPhase;
			buildActionMask = 2147483647;
			files = (
				3A806C2F1E9F213F0048C733 /* TapeCollectionViewCell.swift in Sources */,
				3A9742911E82843800D3201B /* ViewController.swift in Sources */,
				3A97428F1E82843800D3201B /* AppDelegate.swift in Sources */,
				3A9958161EA8903600DB0FC6 /* User.swift in Sources */,
				3A1FB8781E94D22E00E74263 /* BusinessCardTableViewCell.swift in Sources */,
			);
			runOnlyForDeploymentPostprocessing = 0;
		};
/* End PBXSourcesBuildPhase section */

/* Begin PBXVariantGroup section */
		3A9742921E82843800D3201B /* Main.storyboard */ = {
			isa = PBXVariantGroup;
			children = (
				3A9742931E82843800D3201B /* Base */,
			);
			name = Main.storyboard;
			sourceTree = "<group>";
		};
		3A9742971E82843800D3201B /* LaunchScreen.storyboard */ = {
			isa = PBXVariantGroup;
			children = (
				3A9742981E82843800D3201B /* Base */,
			);
			name = LaunchScreen.storyboard;
			sourceTree = "<group>";
		};
/* End PBXVariantGroup section */

/* Begin XCBuildConfiguration section */
		3A97429B1E82843800D3201B /* Debug */ = {
			isa = XCBuildConfiguration;
			buildSettings = {
				ALWAYS_SEARCH_USER_PATHS = NO;
				CLANG_ANALYZER_NONNULL = YES;
				CLANG_CXX_LANGUAGE_STANDARD = "gnu++0x";
				CLANG_CXX_LIBRARY = "libc++";
				CLANG_ENABLE_MODULES = YES;
				CLANG_ENABLE_OBJC_ARC = YES;
				CLANG_WARN_BOOL_CONVERSION = YES;
				CLANG_WARN_CONSTANT_CONVERSION = YES;
				CLANG_WARN_DIRECT_OBJC_ISA_USAGE = YES_ERROR;
				CLANG_WARN_DOCUMENTATION_COMMENTS = YES;
				CLANG_WARN_EMPTY_BODY = YES;
				CLANG_WARN_ENUM_CONVERSION = YES;
				CLANG_WARN_INFINITE_RECURSION = YES;
				CLANG_WARN_INT_CONVERSION = YES;
				CLANG_WARN_OBJC_ROOT_CLASS = YES_ERROR;
				CLANG_WARN_SUSPICIOUS_MOVE = YES;
				CLANG_WARN_UNREACHABLE_CODE = YES;
				CLANG_WARN__DUPLICATE_METHOD_MATCH = YES;
				"CODE_SIGN_IDENTITY[sdk=iphoneos*]" = "iPhone Developer";
				COPY_PHASE_STRIP = NO;
				DEBUG_INFORMATION_FORMAT = dwarf;
				ENABLE_STRICT_OBJC_MSGSEND = YES;
				ENABLE_TESTABILITY = YES;
				GCC_C_LANGUAGE_STANDARD = gnu99;
				GCC_DYNAMIC_NO_PIC = NO;
				GCC_NO_COMMON_BLOCKS = YES;
				GCC_OPTIMIZATION_LEVEL = 0;
				GCC_PRECOMPILE_PREFIX_HEADER = YES;
				GCC_PREFIX_HEADER = "$(SRCROOT)/$(PROJECT_NAME)/Header.h";
				GCC_PREPROCESSOR_DEFINITIONS = (
					"DEBUG=1",
					"$(inherited)",
				);
				GCC_WARN_64_TO_32_BIT_CONVERSION = YES;
				GCC_WARN_ABOUT_RETURN_TYPE = YES_ERROR;
				GCC_WARN_UNDECLARED_SELECTOR = YES;
				GCC_WARN_UNINITIALIZED_AUTOS = YES_AGGRESSIVE;
				GCC_WARN_UNUSED_FUNCTION = YES;
				GCC_WARN_UNUSED_VARIABLE = YES;
				IPHONEOS_DEPLOYMENT_TARGET = 10.2;
				MTL_ENABLE_DEBUG_INFO = YES;
				ONLY_ACTIVE_ARCH = YES;
				SDKROOT = iphoneos;
				SWIFT_ACTIVE_COMPILATION_CONDITIONS = DEBUG;
				SWIFT_OPTIMIZATION_LEVEL = "-Onone";
				TARGETED_DEVICE_FAMILY = "1,2";
			};
			name = Debug;
		};
		3A97429C1E82843800D3201B /* Release */ = {
			isa = XCBuildConfiguration;
			buildSettings = {
				ALWAYS_SEARCH_USER_PATHS = NO;
				CLANG_ANALYZER_NONNULL = YES;
				CLANG_CXX_LANGUAGE_STANDARD = "gnu++0x";
				CLANG_CXX_LIBRARY = "libc++";
				CLANG_ENABLE_MODULES = YES;
				CLANG_ENABLE_OBJC_ARC = YES;
				CLANG_WARN_BOOL_CONVERSION = YES;
				CLANG_WARN_CONSTANT_CONVERSION = YES;
				CLANG_WARN_DIRECT_OBJC_ISA_USAGE = YES_ERROR;
				CLANG_WARN_DOCUMENTATION_COMMENTS = YES;
				CLANG_WARN_EMPTY_BODY = YES;
				CLANG_WARN_ENUM_CONVERSION = YES;
				CLANG_WARN_INFINITE_RECURSION = YES;
				CLANG_WARN_INT_CONVERSION = YES;
				CLANG_WARN_OBJC_ROOT_CLASS = YES_ERROR;
				CLANG_WARN_SUSPICIOUS_MOVE = YES;
				CLANG_WARN_UNREACHABLE_CODE = YES;
				CLANG_WARN__DUPLICATE_METHOD_MATCH = YES;
				"CODE_SIGN_IDENTITY[sdk=iphoneos*]" = "iPhone Developer";
				COPY_PHASE_STRIP = NO;
				DEBUG_INFORMATION_FORMAT = "dwarf-with-dsym";
				ENABLE_NS_ASSERTIONS = NO;
				ENABLE_STRICT_OBJC_MSGSEND = YES;
				GCC_C_LANGUAGE_STANDARD = gnu99;
				GCC_NO_COMMON_BLOCKS = YES;
				GCC_PRECOMPILE_PREFIX_HEADER = YES;
				GCC_PREFIX_HEADER = "$(SRCROOT)/$(PROJECT_NAME)/Header.h";
				GCC_WARN_64_TO_32_BIT_CONVERSION = YES;
				GCC_WARN_ABOUT_RETURN_TYPE = YES_ERROR;
				GCC_WARN_UNDECLARED_SELECTOR = YES;
				GCC_WARN_UNINITIALIZED_AUTOS = YES_AGGRESSIVE;
				GCC_WARN_UNUSED_FUNCTION = YES;
				GCC_WARN_UNUSED_VARIABLE = YES;
				IPHONEOS_DEPLOYMENT_TARGET = 10.2;
				MTL_ENABLE_DEBUG_INFO = NO;
				SDKROOT = iphoneos;
				SWIFT_OPTIMIZATION_LEVEL = "-Owholemodule";
				TARGETED_DEVICE_FAMILY = "1,2";
				VALIDATE_PRODUCT = YES;
			};
			name = Release;
		};
		3A97429E1E82843800D3201B /* Debug */ = {
			isa = XCBuildConfiguration;
			buildSettings = {
				ASSETCATALOG_COMPILER_APPICON_NAME = AppIcon;
				DEVELOPMENT_TEAM = 6Q7KARRKGM;
				INFOPLIST_FILE = CollectionViewDemo/Info.plist;
				LD_RUNPATH_SEARCH_PATHS = "$(inherited) @executable_path/Frameworks";
				PRODUCT_BUNDLE_IDENTIFIER = shanvoo.CollectionViewDemo;
				PRODUCT_NAME = "$(TARGET_NAME)";
				SWIFT_VERSION = 3.0;
			};
			name = Debug;
		};
		3A97429F1E82843800D3201B /* Release */ = {
			isa = XCBuildConfiguration;
			buildSettings = {
				ASSETCATALOG_COMPILER_APPICON_NAME = AppIcon;
				DEVELOPMENT_TEAM = 6Q7KARRKGM;
				INFOPLIST_FILE = CollectionViewDemo/Info.plist;
				LD_RUNPATH_SEARCH_PATHS = "$(inherited) @executable_path/Frameworks";
				PRODUCT_BUNDLE_IDENTIFIER = shanvoo.CollectionViewDemo;
				PRODUCT_NAME = "$(TARGET_NAME)";
				SWIFT_VERSION = 3.0;
			};
			name = Release;
		};
/* End XCBuildConfiguration section */

/* Begin XCConfigurationList section */
		3A9742861E82843800D3201B /* Build configuration list for PBXProject "CollectionViewDemo" */ = {
			isa = XCConfigurationList;
			buildConfigurations = (
				3A97429B1E82843800D3201B /* Debug */,
				3A97429C1E82843800D3201B /* Release */,
			);
			defaultConfigurationIsVisible = 0;
			defaultConfigurationName = Release;
		};
		3A97429D1E82843800D3201B /* Build configuration list for PBXNativeTarget "CollectionViewDemo" */ = {
			isa = XCConfigurationList;
			buildConfigurations = (
				3A97429E1E82843800D3201B /* Debug */,
				3A97429F1E82843800D3201B /* Release */,
			);
			defaultConfigurationIsVisible = 0;
			defaultConfigurationName = Release;
		};
/* End XCConfigurationList section */
	};
	rootObject = 3A9742831E82843800D3201B /* Project object */;
}
