// !$*UTF8*$!
{
	archiveVersion = 1;
	classes = {
	};
	objectVersion = 46;
	objects = {

/* Begin PBXBuildFile section */
		3A9742CB1E82849200D3201B /* AppDelegate.swift in Sources */ = {isa = PBXBuildFile; fileRef = 3A9742CA1E82849200D3201B /* AppDelegate.swift */; };
		3A9742CD1E82849200D3201B /* ViewController.swift in Sources */ = {isa = PBXBuildFile; fileRef = 3A9742CC1E82849200D3201B /* ViewController.swift */; };
		3A9742D01E82849200D3201B /* Main.storyboard in Resources */ = {isa = PBXBuildFile; fileRef = 3A9742CE1E82849200D3201B /* Main.storyboard */; };
		3A9742D21E82849200D3201B /* Assets.xcassets in Resources */ = {isa = PBXBuildFile; fileRef = 3A9742D11E82849200D3201B /* Assets.xcassets */; };
		3A9742D51E82849200D3201B /* LaunchScreen.storyboard in Resources */ = {isa = PBXBuildFile; fileRef = 3A9742D31E82849200D3201B /* LaunchScreen.storyboard */; };
/* End PBXBuildFile section */

/* Begin PBXFileReference section */
		3A9742C71E82849200D3201B /* SearchControllerDemo.app */ = {isa = PBXFileReference; explicitFileType = wrapper.application; includeInIndex = 0; path = SearchControllerDemo.app; sourceTree = BUILT_PRODUCTS_DIR; };
		3A9742CA1E82849200D3201B /* AppDelegate.swift */ = {isa = PBXFileReference; lastKnownFileType = sourcecode.swift; path = AppDelegate.swift; sourceTree = "<group>"; };
		3A9742CC1E82849200D3201B /* ViewController.swift */ = {isa = PBXFileReference; lastKnownFileType = sourcecode.swift; path = ViewController.swift; sourceTree = "<group>"; };
		3A9742CF1E82849200D3201B /* Base */ = {isa = PBXFileReference; lastKnownFileType = file.storyboard; name = Base; path = Base.lproj/Main.storyboard; sourceTree = "<group>"; };
		3A9742D11E82849200D3201B /* Assets.xcassets */ = {isa = PBXFileReference; lastKnownFileType = folder.assetcatalog; path = Assets.xcassets; sourceTree = "<group>"; };
		3A9742D41E82849200D3201B /* Base */ = {isa = PBXFileReference; lastKnownFileType = file.storyboard; name = Base; path = Base.lproj/LaunchScreen.storyboard; sourceTree = "<group>"; };
		3A9742D61E82849200D3201B /* Info.plist */ = {isa = PBXFileReference; lastKnownFileType = text.plist.xml; path = Info.plist; sourceTree = "<group>"; };
/* End PBXFileReference section */

/* Begin PBXFrameworksBuildPhase section */
		3A9742C41E82849200D3201B /* Frameworks */ = {
			isa = PBXFrameworksBuildPhase;
			buildActionMask = 2147483647;
			files = (
			);
			runOnlyForDeploymentPostprocessing = 0;
		};
/* End PBXFrameworksBuildPhase section */

/* Begin PBXGroup section */
		3A9742BE1E82849200D3201B = {
			isa = PBXGroup;
			children = (
				3A9742C91E82849200D3201B /* SearchControllerDemo */,
				3A9742C81E82849200D3201B /* Products */,
			);
			sourceTree = "<group>";
		};
		3A9742C81E82849200D3201B /* Products */ = {
			isa = PBXGroup;
			children = (
				3A9742C71E82849200D3201B /* SearchControllerDemo.app */,
			);
			name = Products;
			sourceTree = "<group>";
		};
		3A9742C91E82849200D3201B /* SearchControllerDemo */ = {
			isa = PBXGroup;
			children = (
				3A9742CA1E82849200D3201B /* AppDelegate.swift */,
				3A9742CC1E82849200D3201B /* ViewController.swift */,
				3A9742CE1E82849200D3201B /* Main.storyboard */,
				3A9742D11E82849200D3201B /* Assets.xcassets */,
				3A9742D31E82849200D3201B /* LaunchScreen.storyboard */,
				3A9742D61E82849200D3201B /* Info.plist */,
			);
			path = SearchControllerDemo;
			sourceTree = "<group>";
		};
/* End PBXGroup section */

/* Begin PBXNativeTarget section */
		3A9742C61E82849200D3201B /* SearchControllerDemo */ = {
			isa = PBXNativeTarget;
			buildConfigurationList = 3A9742D91E82849200D3201B /* Build configuration list for PBXNativeTarget "SearchControllerDemo" */;
			buildPhases = (
				3A9742C31E82849200D3201B /* Sources */,
				3A9742C41E82849200D3201B /* Frameworks */,
				3A9742C51E82849200D3201B /* Resources */,
			);
			buildRules = (
			);
			dependencies = (
			);
			name = SearchControllerDemo;
			productName = SearchControllerDemo;
			productReference = 3A9742C71E82849200D3201B /* SearchControllerDemo.app */;
			productType = "com.apple.product-type.application";
		};
/* End PBXNativeTarget section */

/* Begin PBXProject section */
		3A9742BF1E82849200D3201B /* Project object */ = {
			isa = PBXProject;
			attributes = {
				LastSwiftUpdateCheck = 0820;
				LastUpgradeCheck = 0820;
				ORGANIZATIONNAME = zzkj;
				TargetAttributes = {
					3A9742C61E82849200D3201B = {
						CreatedOnToolsVersion = 8.2.1;
						DevelopmentTeam = 6Q7KARRKGM;
						ProvisioningStyle = Automatic;
					};
				};
			};
			buildConfigurationList = 3A9742C21E82849200D3201B /* Build configuration list for PBXProject "SearchControllerDemo" */;
			compatibilityVersion = "Xcode 3.2";
			developmentRegion = English;
			hasScannedForEncodings = 0;
			knownRegions = (
				en,
				Base,
			);
			mainGroup = 3A9742BE1E82849200D3201B;
			productRefGroup = 3A9742C81E82849200D3201B /* Products */;
			projectDirPath = "";
			projectRoot = "";
			targets = (
				3A9742C61E82849200D3201B /* SearchControllerDemo */,
			);
		};
/* End PBXProject section */

/* Begin PBXResourcesBuildPhase section */
		3A9742C51E82849200D3201B /* Resources */ = {
			isa = PBXResourcesBuildPhase;
			buildActionMask = 2147483647;
			files = (
				3A9742D51E82849200D3201B /* LaunchScreen.storyboard in Resources */,
				3A9742D21E82849200D3201B /* Assets.xcassets in Resources */,
				3A9742D01E82849200D3201B /* Main.storyboard in Resources */,
			);
			runOnlyForDeploymentPostprocessing = 0;
		};
/* End PBXResourcesBuildPhase section */

/* Begin PBXSourcesBuildPhase section */
		3A9742C31E82849200D3201B /* Sources */ = {
			isa = PBXSourcesBuildPhase;
			buildActionMask = 2147483647;
			files = (
				3A9742CD1E82849200D3201B /* ViewController.swift in Sources */,
				3A9742CB1E82849200D3201B /* AppDelegate.swift in Sources */,
			);
			runOnlyForDeploymentPostprocessing = 0;
		};
/* End PBXSourcesBuildPhase section */

/* Begin PBXVariantGroup section */
		3A9742CE1E82849200D3201B /* Main.storyboard */ = {
			isa = PBXVariantGroup;
			children = (
				3A9742CF1E82849200D3201B /* Base */,
			);
			name = Main.storyboard;
			sourceTree = "<group>";
		};
		3A9742D31E82849200D3201B /* LaunchScreen.storyboard */ = {
			isa = PBXVariantGroup;
			children = (
				3A9742D41E82849200D3201B /* Base */,
			);
			name = LaunchScreen.storyboard;
			sourceTree = "<group>";
		};
/* End PBXVariantGroup section */

/* Begin XCBuildConfiguration section */
		3A9742D71E82849200D3201B /* Debug */ = {
			isa = XCBuildConfiguration;
			buildSettings = {
				ALWAYS_SEARCH_USER_PATHS = NO;
				CLANG_ANALYZER_NONNULL = YES;
				CLANG_CXX_LANGUAGE_STANDARD = "gnu++0x";
				CLANG_CXX_LIBRARY = "libc++";
				CLANG_ENABLE_MODULES = YES;
				CLANG_ENABLE_OBJC_ARC = YES;
				CLANG_WARN_BOOL_CONVERSION = YES;
				CLANG_WARN_CONSTANT_CONVERSION = YES;
				CLANG_WARN_DIRECT_OBJC_ISA_USAGE = YES_ERROR;
				CLANG_WARN_DOCUMENTATION_COMMENTS = YES;
				CLANG_WARN_EMPTY_BODY = YES;
				CLANG_WARN_ENUM_CONVERSION = YES;
				CLANG_WARN_INFINITE_RECURSION = YES;
				CLANG_WARN_INT_CONVERSION = YES;
				CLANG_WARN_OBJC_ROOT_CLASS = YES_ERROR;
				CLANG_WARN_SUSPICIOUS_MOVE = YES;
				CLANG_WARN_UNREACHABLE_CODE = YES;
				CLANG_WARN__DUPLICATE_METHOD_MATCH = YES;
				"CODE_SIGN_IDENTITY[sdk=iphoneos*]" = "iPhone Developer";
				COPY_PHASE_STRIP = NO;
				DEBUG_INFORMATION_FORMAT = dwarf;
				ENABLE_STRICT_OBJC_MSGSEND = YES;
				ENABLE_TESTABILITY = YES;
				GCC_C_LANGUAGE_STANDARD = gnu99;
				GCC_DYNAMIC_NO_PIC = NO;
				GCC_NO_COMMON_BLOCKS = YES;
				GCC_OPTIMIZATION_LEVEL = 0;
				GCC_PREPROCESSOR_DEFINITIONS = (
					"DEBUG=1",
					"$(inherited)",
				);
				GCC_WARN_64_TO_32_BIT_CONVERSION = YES;
				GCC_WARN_ABOUT_RETURN_TYPE = YES_ERROR;
				GCC_WARN_UNDECLARED_SELECTOR = YES;
				GCC_WARN_UNINITIALIZED_AUTOS = YES_AGGRESSIVE;
				GCC_WARN_UNUSED_FUNCTION = YES;
				GCC_WARN_UNUSED_VARIABLE = YES;
				IPHONEOS_DEPLOYMENT_TARGET = 10.2;
				MTL_ENABLE_DEBUG_INFO = YES;
				ONLY_ACTIVE_ARCH = YES;
				SDKROOT = iphoneos;
				SWIFT_ACTIVE_COMPILATION_CONDITIONS = DEBUG;
				SWIFT_OPTIMIZATION_LEVEL = "-Onone";
				TARGETED_DEVICE_FAMILY = "1,2";
			};
			name = Debug;
		};
		3A9742D81E82849200D3201B /* Release */ = {
			isa = XCBuildConfiguration;
			buildSettings = {
				ALWAYS_SEARCH_USER_PATHS = NO;
				CLANG_ANALYZER_NONNULL = YES;
				CLANG_CXX_LANGUAGE_STANDARD = "gnu++0x";
				CLANG_CXX_LIBRARY = "libc++";
				CLANG_ENABLE_MODULES = YES;
				CLANG_ENABLE_OBJC_ARC = YES;
				CLANG_WARN_BOOL_CONVERSION = YES;
				CLANG_WARN_CONSTANT_CONVERSION = YES;
				CLANG_WARN_DIRECT_OBJC_ISA_USAGE = YES_ERROR;
				CLANG_WARN_DOCUMENTATION_COMMENTS = YES;
				CLANG_WARN_EMPTY_BODY = YES;
				CLANG_WARN_ENUM_CONVERSION = YES;
				CLANG_WARN_INFINITE_RECURSION = YES;
				CLANG_WARN_INT_CONVERSION = YES;
				CLANG_WARN_OBJC_ROOT_CLASS = YES_ERROR;
				CLANG_WARN_SUSPICIOUS_MOVE = YES;
				CLANG_WARN_UNREACHABLE_CODE = YES;
				CLANG_WARN__DUPLICATE_METHOD_MATCH = YES;
				"CODE_SIGN_IDENTITY[sdk=iphoneos*]" = "iPhone Developer";
				COPY_PHASE_STRIP = NO;
				DEBUG_INFORMATION_FORMAT = "dwarf-with-dsym";
				ENABLE_NS_ASSERTIONS = NO;
				ENABLE_STRICT_OBJC_MSGSEND = YES;
				GCC_C_LANGUAGE_STANDARD = gnu99;
				GCC_NO_COMMON_BLOCKS = YES;
				GCC_WARN_64_TO_32_BIT_CONVERSION = YES;
				GCC_WARN_ABOUT_RETURN_TYPE = YES_ERROR;
				GCC_WARN_UNDECLARED_SELECTOR = YES;
				GCC_WARN_UNINITIALIZED_AUTOS = YES_AGGRESSIVE;
				GCC_WARN_UNUSED_FUNCTION = YES;
				GCC_WARN_UNUSED_VARIABLE = YES;
				IPHONEOS_DEPLOYMENT_TARGET = 10.2;
				MTL_ENABLE_DEBUG_INFO = NO;
				SDKROOT = iphoneos;
				SWIFT_OPTIMIZATION_LEVEL = "-Owholemodule";
				TARGETED_DEVICE_FAMILY = "1,2";
				VALIDATE_PRODUCT = YES;
			};
			name = Release;
		};
		3A9742DA1E82849200D3201B /* Debug */ = {
			isa = XCBuildConfiguration;
			buildSettings = {
				ASSETCATALOG_COMPILER_APPICON_NAME = AppIcon;
				DEVELOPMENT_TEAM = 6Q7KARRKGM;
				INFOPLIST_FILE = SearchControllerDemo/Info.plist;
				LD_RUNPATH_SEARCH_PATHS = "$(inherited) @executable_path/Frameworks";
				PRODUCT_BUNDLE_IDENTIFIER = shanvoo.SearchControllerDemo;
				PRODUCT_NAME = "$(TARGET_NAME)";
				SWIFT_VERSION = 3.0;
			};
			name = Debug;
		};
		3A9742DB1E82849200D3201B /* Release */ = {
			isa = XCBuildConfiguration;
			buildSettings = {
				ASSETCATALOG_COMPILER_APPICON_NAME = AppIcon;
				DEVELOPMENT_TEAM = 6Q7KARRKGM;
				INFOPLIST_FILE = SearchControllerDemo/Info.plist;
				LD_RUNPATH_SEARCH_PATHS = "$(inherited) @executable_path/Frameworks";
				PRODUCT_BUNDLE_IDENTIFIER = shanvoo.SearchControllerDemo;
				PRODUCT_NAME = "$(TARGET_NAME)";
				SWIFT_VERSION = 3.0;
			};
			name = Release;
		};
/* End XCBuildConfiguration section */

/* Begin XCConfigurationList section */
		3A9742C21E82849200D3201B /* Build configuration list for PBXProject "SearchControllerDemo" */ = {
			isa = XCConfigurationList;
			buildConfigurations = (
				3A9742D71E82849200D3201B /* Debug */,
				3A9742D81E82849200D3201B /* Release */,
			);
			defaultConfigurationIsVisible = 0;
			defaultConfigurationName = Release;
		};
		3A9742D91E82849200D3201B /* Build configuration list for PBXNativeTarget "SearchControllerDemo" */ = {
			isa = XCConfigurationList;
			buildConfigurations = (
				3A9742DA1E82849200D3201B /* Debug */,
				3A9742DB1E82849200D3201B /* Release */,
			);
			defaultConfigurationIsVisible = 0;
		};
/* End XCConfigurationList section */
	};
	rootObject = 3A9742BF1E82849200D3201B /* Project object */;
}
